// !$*UTF8*$!
{
	archiveVersion = 1;
	classes = {
	};
	objectVersion = 77;
	objects = {

/* Begin PBXBuildFile section */
		0173F2354DFED647A0A33AB3 /* MagicSignInService.swift in Sources */ = {isa = PBXBuildFile; fileRef = 374194F5AE5511DE9046953D /* MagicSignInService.swift */; };
		03B54F9E43E78E58A4A0AD87 /* BlockedApp.swift in Sources */ = {isa = PBXBuildFile; fileRef = BF5120D60C1C9CF0C7443ED7 /* BlockedApp.swift */; };
		0882D1B6379DA2FE8770DAD5 /* StoryIntroView.swift in Sources */ = {isa = PBXBuildFile; fileRef = 406712ABBF6E7398EB38FAB0 /* StoryIntroView.swift */; };
		0B4EB00C97E672425812AA25 /* Assets.xcassets in Resources */ = {isa = PBXBuildFile; fileRef = 974BA738E843798E43995962 /* Assets.xcassets */; };
		0C24B6D217760C4333294C04 /* Onboarding.swift in Sources */ = {isa = PBXBuildFile; fileRef = 32CF084F88F3421AB068BF18 /* Onboarding.swift */; };
		0FCE82CC6641E422AC7C9D45 /* app_options.json in Resources */ = {isa = PBXBuildFile; fileRef = 983EDDD90EA565B147AA7E04 /* app_options.json */; };
		13F2B42D1C90415E09B2D879 /* AppOptionArcs.swift in Sources */ = {isa = PBXBuildFile; fileRef = 00E6F19BAF939D697620900C /* AppOptionArcs.swift */; };
		15648560932F416960EB6E20 /* ReelsBlockFilter.swift in Sources */ = {isa = PBXBuildFile; fileRef = 4CC42B1FA5705221AC0C733E /* ReelsBlockFilter.swift */; };
		188CE41E28D3E8B364F51BEA /* StoryMode.swift in Sources */ = {isa = PBXBuildFile; fileRef = 718000FB00038C7D5BF97C3C /* StoryMode.swift */; };
		18C5E9EA3DCA46D2D55EF4C1 /* FocusSessionStore.swift in Sources */ = {isa = PBXBuildFile; fileRef = F98E377A71E67ED55DBCAEF5 /* FocusSessionStore.swift */; };
		19663B38002D097B4EE6BE23 /* TrafficStats.swift in Sources */ = {isa = PBXBuildFile; fileRef = 4F777843F1BAD76323515DBC /* TrafficStats.swift */; };
		1A08DD84ABF5A9B5DDECC482 /* instagram.svg in Resources */ = {isa = PBXBuildFile; fileRef = F63206D88AC9BEA6E1EC4CD1 /* instagram.svg */; };
		1B94FC2BB1E47E0399196504 /* RinklerColors.swift in Sources */ = {isa = PBXBuildFile; fileRef = D2A50F9122CBB029061353DE /* RinklerColors.swift */; };
		1D0270A5C746CC0733E8DF45 /* BackArrowView.swift in Sources */ = {isa = PBXBuildFile; fileRef = 3CED3F851C4A2F64103F7547 /* BackArrowView.swift */; };
		1D303148ABF236BFE88E6EBB /* SchedulesScreen.swift in Sources */ = {isa = PBXBuildFile; fileRef = 00F5F551EC0B70074AD05FF4 /* SchedulesScreen.swift */; };
		21E479263E0BA27E397CF408 /* SVGView.swift in Sources */ = {isa = PBXBuildFile; fileRef = E924DBEC703AF4C9E21C9156 /* SVGView.swift */; };
		249F9F8D880669A5E6801F34 /* PageIndicator.swift in Sources */ = {isa = PBXBuildFile; fileRef = F5A1766558785D47324AEE13 /* PageIndicator.swift */; };
		272E604AE7A501732BF5111F /* TrafficDashboardView.swift in Sources */ = {isa = PBXBuildFile; fileRef = 4DD92E5F328DFFA211DB2DF1 /* TrafficDashboardView.swift */; };
		2C4867F8717A9BEC46DA076C /* DialSelector.swift in Sources */ = {isa = PBXBuildFile; fileRef = 13899B3F836EAA4144AA80E9 /* DialSelector.swift */; };
		2C54F6CDB4193F4677E5F2E6 /* SOCKSProxyServer.swift in Sources */ = {isa = PBXBuildFile; fileRef = D16E3E038B16A6F375F40A47 /* SOCKSProxyServer.swift */; };
		3565A8C87FC312BBCA3CE9E6 /* SettingsScreen.swift in Sources */ = {isa = PBXBuildFile; fileRef = 9016AD0BE2A7D0262A32C72B /* SettingsScreen.swift */; };
		38BA3DB4D66FEEA5F53ADB52 /* NetworkExtension.framework in Frameworks */ = {isa = PBXBuildFile; fileRef = BF7DFD16AB448E5071FAD4EA /* NetworkExtension.framework */; };
		3CED9570EE158A7A2FE78FB3 /* SVGCache.swift in Sources */ = {isa = PBXBuildFile; fileRef = 2BEAFECE74B5A2C129B578F9 /* SVGCache.swift */; };
		46C920CEEAB286488C807E85 /* RinklerButton.swift in Sources */ = {isa = PBXBuildFile; fileRef = 93149C3327BBE8D752B994EC /* RinklerButton.swift */; };
		4BC1F4C5B55F26647B7348F8 /* PrivacyInfo.xcprivacy in Resources */ = {isa = PBXBuildFile; fileRef = 8486E682C47F8FD7E2F3E1BD /* PrivacyInfo.xcprivacy */; };
		4DDDB6A35FE7E2CD8714BC7E /* clouds.png in Resources */ = {isa = PBXBuildFile; fileRef = 5D252DFF0B940E70C0578122 /* clouds.png */; };
		4EC5338F17870CE5F6D56E4D /* Geist-Medium.ttf in Resources */ = {isa = PBXBuildFile; fileRef = 6BDEB0304046B8B65BAC990F /* Geist-Medium.ttf */; };
		4EDEF22AE5D72EB11A9B95DF /* MainTabs.swift in Sources */ = {isa = PBXBuildFile; fileRef = 2E9375C1A18837E3A875E608 /* MainTabs.swift */; };
		4F44ACF8A2BE5AEAC865F2B7 /* RinklerTunnel.appex in Embed Foundation Extensions */ = {isa = PBXBuildFile; fileRef = F2F94C505BF1B423E28F1B8F /* RinklerTunnel.appex */; settings = {ATTRIBUTES = (RemoveHeadersOnCopy, ); }; };
		56456EE81A13FDDFB0BE31DE /* SocialMediaIcon.swift in Sources */ = {isa = PBXBuildFile; fileRef = 06098896B243AE479926D667 /* SocialMediaIcon.swift */; };
		5799FDA0A5EE27CA25BF6451 /* TrafficSyncService.swift in Sources */ = {isa = PBXBuildFile; fileRef = 4B29C653AE4249A47FFCA585 /* TrafficSyncService.swift */; };
		592529756B9BB5922D96A234 /* clouds_continous.png in Resources */ = {isa = PBXBuildFile; fileRef = AE3B5C79B5C5E90EC91C5BC4 /* clouds_continous.png */; };
		5D061A637099075C26BE4D4D /* generate_app_icons.sh in Resources */ = {isa = PBXBuildFile; fileRef = EF3819645920D73C6BCEFD61 /* generate_app_icons.sh */; };
		6175B7D6B82606618B8DA0E5 /* HexGridLayoutManager.swift in Sources */ = {isa = PBXBuildFile; fileRef = A5783FC19490DD0C40D73A23 /* HexGridLayoutManager.swift */; };
		667E81F5A08031062688F28F /* NetworkExtension.framework in Frameworks */ = {isa = PBXBuildFile; fileRef = BF7DFD16AB448E5071FAD4EA /* NetworkExtension.framework */; };
		66EE61CDBE3477D44278F615 /* Coolvetica Rg It.otf in Resources */ = {isa = PBXBuildFile; fileRef = 30B8277AD4180A5D6436F446 /* Coolvetica Rg It.otf */; };
		691144800755A171FB98AB2C /* FocusSessionFlow.swift in Sources */ = {isa = PBXBuildFile; fileRef = 6513D5DFDC1A0AAF3679DAC3 /* FocusSessionFlow.swift */; };
		6AFB55EBB8AD8AEE9AEAD42B /* PacketTunnelProvider.swift in Sources */ = {isa = PBXBuildFile; fileRef = 1DE866E1A9CFF4C4FC440C29 /* PacketTunnelProvider.swift */; };
		6C775B2904BBF22C341B45FB /* HexGridOverlay.swift in Sources */ = {isa = PBXBuildFile; fileRef = 96394AE1B61284743B379677 /* HexGridOverlay.swift */; };
		6F206859F1FB1F8F49492C6A /* AppOptionsService.swift in Sources */ = {isa = PBXBuildFile; fileRef = 2355A532BACBAFA3D437FA2C /* AppOptionsService.swift */; };
		71D4454D303DAFA7B838E3F4 /* FocusSchedule.swift in Sources */ = {isa = PBXBuildFile; fileRef = 6122FA1DE79185FADA473E8B /* FocusSchedule.swift */; };
		7224E89EFDD6EA927B024A56 /* DomainThresholdsStore.swift in Sources */ = {isa = PBXBuildFile; fileRef = 57CECCDC624F3B509FE29006 /* DomainThresholdsStore.swift */; };
		731D8207D125262038B24F66 /* ScheduleStore.swift in Sources */ = {isa = PBXBuildFile; fileRef = 6E05834E643D7D1F4A0BCE94 /* ScheduleStore.swift */; };
		74D38AA0835FB259016D1A68 /* RinklerSpacing.swift in Sources */ = {isa = PBXBuildFile; fileRef = 2D445DCA5E76C2FF20402DDF /* RinklerSpacing.swift */; };
		77F9B0349A0333FEE6D85B8B /* SkyBackgroundView.swift in Sources */ = {isa = PBXBuildFile; fileRef = C4D94A7E9AD636F102CF3E43 /* SkyBackgroundView.swift */; };
		7BED3440D9549E00072A0124 /* MagicSignInScreen.swift in Sources */ = {isa = PBXBuildFile; fileRef = 640F7ECB230E7B6AB27CB250 /* MagicSignInScreen.swift */; };
		7D4C592502E7F12816FF2BA6 /* HomeScreen.swift in Sources */ = {isa = PBXBuildFile; fileRef = F550C5E5670298216B252FFB /* HomeScreen.swift */; };
		7D8D76B0058A6D07AEEC75C9 /* TunnelLogger.swift in Sources */ = {isa = PBXBuildFile; fileRef = 21D8AA0B52EFBAE266BFC2DF /* TunnelLogger.swift */; };
		7F3CB7CA82BFCB3102D024B4 /* TrackedIPStore.swift in Sources */ = {isa = PBXBuildFile; fileRef = D8087CC6DD4C056AD7AEBBC9 /* TrackedIPStore.swift */; };
		825D626EFA0E977E595D9ED7 /* GridPositionStore.swift in Sources */ = {isa = PBXBuildFile; fileRef = AE9F300AF4318B76D735CB23 /* GridPositionStore.swift */; };
		8446CD4F7D62573EB05564C0 /* Route.swift in Sources */ = {isa = PBXBuildFile; fileRef = 479887D6FB86BE11EE200C2C /* Route.swift */; };
		876A915268CF0E1700BAEF44 /* RinklerConstants.swift in Sources */ = {isa = PBXBuildFile; fileRef = 4DE549248D49EE820D38D45E /* RinklerConstants.swift */; };
		87AC727BB420F966CC647112 /* BlockingOptionsScreen.swift in Sources */ = {isa = PBXBuildFile; fileRef = 57E77EC4C2E47266BE66A024 /* BlockingOptionsScreen.swift */; };
		9022F3151BBBF2126427A6C7 /* RinklerFonts.swift in Sources */ = {isa = PBXBuildFile; fileRef = E59493B9BDCCD2583688AED8 /* RinklerFonts.swift */; };
		907E345C32C18D8912FA07E7 /* AppCluster.swift in Sources */ = {isa = PBXBuildFile; fileRef = F6995FD2AAA89FF46E9B94BE /* AppCluster.swift */; };
		90956901EB8C8507D12DC29C /* HeaderBar.swift in Sources */ = {isa = PBXBuildFile; fileRef = F10D4D9B7C0F8BF5614B3928 /* HeaderBar.swift */; };
		94437697D22ECB22D2D9BED3 /* TunnelLogReader.swift in Sources */ = {isa = PBXBuildFile; fileRef = 2CEF1799074BBF2E035C5105 /* TunnelLogReader.swift */; };
		95F73E9E17A7DD2725062715 /* Geist-SemiBold.ttf in Resources */ = {isa = PBXBuildFile; fileRef = 3C15880DF86C0FD691599AD7 /* Geist-SemiBold.ttf */; };
		98E4304DA9207A460881145B /* background.png in Resources */ = {isa = PBXBuildFile; fileRef = C8B02A44E66588AA736E3E68 /* background.png */; };
		99C5EB4B0416E7D4DF46668B /* SupabaseAuthClient.swift in Sources */ = {isa = PBXBuildFile; fileRef = 73160AE5CDC1EB2227598FE1 /* SupabaseAuthClient.swift */; };
		AB4D9057AE04D091CD421152 /* CommitmentMode.swift in Sources */ = {isa = PBXBuildFile; fileRef = BDB7A0D75C363B5282779B46 /* CommitmentMode.swift */; };
		B010204146746DC08793CBF2 /* SK Pupok Solid 400.ttf in Resources */ = {isa = PBXBuildFile; fileRef = D7D0BC55B5DF96BC5261D37C /* SK Pupok Solid 400.ttf */; };
		B72E59877096CAAB16A0329E /* LandingPage.swift in Sources */ = {isa = PBXBuildFile; fileRef = 57F802153DFB883EAE08C05F /* LandingPage.swift */; };
		B7B4A4871CE94DD5A45EBA6F /* Tun2SocksKit in Frameworks */ = {isa = PBXBuildFile; productRef = DAAC43CCA5105E1BC30F5C57 /* Tun2SocksKit */; };
		BDC78A2056C2B45514DF1AE5 /* Geist-Bold.ttf in Resources */ = {isa = PBXBuildFile; fileRef = 3FFAB559009DA505208E9071 /* Geist-Bold.ttf */; };
		BFB5C2065FF9A1A71A8C9FA4 /* TrafficStats.swift in Sources */ = {isa = PBXBuildFile; fileRef = 397E28BCBD9341C0C23C2AE8 /* TrafficStats.swift */; };
		C202B1B4F836F9789F0849A3 /* icon_rect.png in Resources */ = {isa = PBXBuildFile; fileRef = 7B9604F3D4BC57BF98E95303 /* icon_rect.png */; };
		C25B6A5BA15EB6A01CAF4CC6 /* HexCoordinate.swift in Sources */ = {isa = PBXBuildFile; fileRef = D92F0B3F21CEF28F943ECB94 /* HexCoordinate.swift */; };
		C42E3E66DCBAE80C7310B04F /* GeistMono-Regular.ttf in Resources */ = {isa = PBXBuildFile; fileRef = 1385780532D15FA6AA764E94 /* GeistMono-Regular.ttf */; };
		C457077F2257A6DEC4DF5377 /* VPNManager.swift in Sources */ = {isa = PBXBuildFile; fileRef = D1C06B779FE2C17D43B2AC75 /* VPNManager.swift */; };
		C5CA5DCBE2DC2CE77ED096CB /* AuthStore.swift in Sources */ = {isa = PBXBuildFile; fileRef = 564D4E3414FAA86BF78846BF /* AuthStore.swift */; };
		CF9A5DCCC2292C65DDD14283 /* AppStore.swift in Sources */ = {isa = PBXBuildFile; fileRef = 14B4F8E36028BD39E5A68680 /* AppStore.swift */; };
		D5A4A58AD9811905BFB75D74 /* Geist-Regular.ttf in Resources */ = {isa = PBXBuildFile; fileRef = 8B67C76707EA2F1B6CA778E6 /* Geist-Regular.ttf */; };
		DA7C7CB5EE05C392B24325F1 /* RinklerApp.swift in Sources */ = {isa = PBXBuildFile; fileRef = F91148214541676176133529 /* RinklerApp.swift */; };
		DBBC9B6EB331AFAA8EB046A3 /* CodeVerificationScreen.swift in Sources */ = {isa = PBXBuildFile; fileRef = 2329C72BED0AAC93D2EA3F1A /* CodeVerificationScreen.swift */; };
		DCD3A461A16BBA937B53326C /* StoryJourneyView.swift in Sources */ = {isa = PBXBuildFile; fileRef = 787DC1CBC027C5BD9E8B45CF /* StoryJourneyView.swift */; };
		E39D7AE460715338C5AC65AF /* GeistMono-Medium.ttf in Resources */ = {isa = PBXBuildFile; fileRef = DC9716B1D504D1A59B0FCE32 /* GeistMono-Medium.ttf */; };
		EA86CF9990DD956E5DE074C2 /* PrivacyInfo.xcprivacy in Resources */ = {isa = PBXBuildFile; fileRef = BFB11765635D94CCF3BBD78F /* PrivacyInfo.xcprivacy */; };
		F1214A0EE2E4867EFF135309 /* AppIconCircle.swift in Sources */ = {isa = PBXBuildFile; fileRef = 5EBBDF9FB53BAD9FED284E69 /* AppIconCircle.swift */; };
		F373B63FFCFA861304662E4C /* TrafficMonitor.swift in Sources */ = {isa = PBXBuildFile; fileRef = 43A9748F6CCC6B689B7FFCA3 /* TrafficMonitor.swift */; };
		F4B8697572B478F7765AFD87 /* Coolvetica Rg.otf in Resources */ = {isa = PBXBuildFile; fileRef = 86CADF2F2EF725B269BE3298 /* Coolvetica Rg.otf */; };
		FF74AAC2D5F1ABFFA5FE3133 /* RinklerConstants.swift in Sources */ = {isa = PBXBuildFile; fileRef = BC2CFD5FD1877F079E798AEA /* RinklerConstants.swift */; };
		FFF2E06EC4951AE544CC8F9A /* SocialAuthService.swift in Sources */ = {isa = PBXBuildFile; fileRef = D516FE314A3429C8DF74DD86 /* SocialAuthService.swift */; };
/* End PBXBuildFile section */

/* Begin PBXContainerItemProxy section */
		D9E5D02B72797E51683A968E /* PBXContainerItemProxy */ = {
			isa = PBXContainerItemProxy;
			containerPortal = BD5CC140AB379221F09BA815 /* Project object */;
			proxyType = 1;
			remoteGlobalIDString = 1AF476208B4878778922899A;
			remoteInfo = RinklerTunnel;
		};
/* End PBXContainerItemProxy section */

/* Begin PBXCopyFilesBuildPhase section */
		83FE9C71DFFBD3F5A560F7D8 /* Embed Foundation Extensions */ = {
			isa = PBXCopyFilesBuildPhase;
			buildActionMask = 2147483647;
			dstPath = "";
			dstSubfolderSpec = 13;
			files = (
				4F44ACF8A2BE5AEAC865F2B7 /* RinklerTunnel.appex in Embed Foundation Extensions */,
			);
			name = "Embed Foundation Extensions";
			runOnlyForDeploymentPostprocessing = 0;
		};
/* End PBXCopyFilesBuildPhase section */

/* Begin PBXFileReference section */
		00E6F19BAF939D697620900C /* AppOptionArcs.swift */ = {isa = PBXFileReference; lastKnownFileType = sourcecode.swift; path = AppOptionArcs.swift; sourceTree = "<group>"; };
		00F5F551EC0B70074AD05FF4 /* SchedulesScreen.swift */ = {isa = PBXFileReference; lastKnownFileType = sourcecode.swift; path = SchedulesScreen.swift; sourceTree = "<group>"; };
		01FC94A1106D0079E6296CD5 /* Info.plist */ = {isa = PBXFileReference; lastKnownFileType = text.plist; path = Info.plist; sourceTree = "<group>"; };
		06098896B243AE479926D667 /* SocialMediaIcon.swift */ = {isa = PBXFileReference; lastKnownFileType = sourcecode.swift; path = SocialMediaIcon.swift; sourceTree = "<group>"; };
		074249879ADE42173628FE64 /* RinklerTunnel.entitlements */ = {isa = PBXFileReference; lastKnownFileType = text.plist.entitlements; path = RinklerTunnel.entitlements; sourceTree = "<group>"; };
		1385780532D15FA6AA764E94 /* GeistMono-Regular.ttf */ = {isa = PBXFileReference; lastKnownFileType = file; path = "GeistMono-Regular.ttf"; sourceTree = "<group>"; };
		13899B3F836EAA4144AA80E9 /* DialSelector.swift */ = {isa = PBXFileReference; lastKnownFileType = sourcecode.swift; path = DialSelector.swift; sourceTree = "<group>"; };
		14B4F8E36028BD39E5A68680 /* AppStore.swift */ = {isa = PBXFileReference; lastKnownFileType = sourcecode.swift; path = AppStore.swift; sourceTree = "<group>"; };
		1DE866E1A9CFF4C4FC440C29 /* PacketTunnelProvider.swift */ = {isa = PBXFileReference; lastKnownFileType = sourcecode.swift; path = PacketTunnelProvider.swift; sourceTree = "<group>"; };
		1E904EE2EDD15DEE8C739795 /* Rinkler.entitlements */ = {isa = PBXFileReference; lastKnownFileType = text.plist.entitlements; path = Rinkler.entitlements; sourceTree = "<group>"; };
		21D8AA0B52EFBAE266BFC2DF /* TunnelLogger.swift */ = {isa = PBXFileReference; lastKnownFileType = sourcecode.swift; path = TunnelLogger.swift; sourceTree = "<group>"; };
		2329C72BED0AAC93D2EA3F1A /* CodeVerificationScreen.swift */ = {isa = PBXFileReference; lastKnownFileType = sourcecode.swift; path = CodeVerificationScreen.swift; sourceTree = "<group>"; };
		2355A532BACBAFA3D437FA2C /* AppOptionsService.swift */ = {isa = PBXFileReference; lastKnownFileType = sourcecode.swift; path = AppOptionsService.swift; sourceTree = "<group>"; };
		2BEAFECE74B5A2C129B578F9 /* SVGCache.swift */ = {isa = PBXFileReference; lastKnownFileType = sourcecode.swift; path = SVGCache.swift; sourceTree = "<group>"; };
		2CEF1799074BBF2E035C5105 /* TunnelLogReader.swift */ = {isa = PBXFileReference; lastKnownFileType = sourcecode.swift; path = TunnelLogReader.swift; sourceTree = "<group>"; };
		2D445DCA5E76C2FF20402DDF /* RinklerSpacing.swift */ = {isa = PBXFileReference; lastKnownFileType = sourcecode.swift; path = RinklerSpacing.swift; sourceTree = "<group>"; };
		2E9375C1A18837E3A875E608 /* MainTabs.swift */ = {isa = PBXFileReference; lastKnownFileType = sourcecode.swift; path = MainTabs.swift; sourceTree = "<group>"; };
		30B8277AD4180A5D6436F446 /* Coolvetica Rg It.otf */ = {isa = PBXFileReference; lastKnownFileType = file; path = "Coolvetica Rg It.otf"; sourceTree = "<group>"; };
		32CF084F88F3421AB068BF18 /* Onboarding.swift */ = {isa = PBXFileReference; lastKnownFileType = sourcecode.swift; path = Onboarding.swift; sourceTree = "<group>"; };
		374194F5AE5511DE9046953D /* MagicSignInService.swift */ = {isa = PBXFileReference; lastKnownFileType = sourcecode.swift; path = MagicSignInService.swift; sourceTree = "<group>"; };
		397E28BCBD9341C0C23C2AE8 /* TrafficStats.swift */ = {isa = PBXFileReference; lastKnownFileType = sourcecode.swift; path = TrafficStats.swift; sourceTree = "<group>"; };
		3C15880DF86C0FD691599AD7 /* Geist-SemiBold.ttf */ = {isa = PBXFileReference; lastKnownFileType = file; path = "Geist-SemiBold.ttf"; sourceTree = "<group>"; };
		3CED3F851C4A2F64103F7547 /* BackArrowView.swift */ = {isa = PBXFileReference; lastKnownFileType = sourcecode.swift; path = BackArrowView.swift; sourceTree = "<group>"; };
		3FFAB559009DA505208E9071 /* Geist-Bold.ttf */ = {isa = PBXFileReference; lastKnownFileType = file; path = "Geist-Bold.ttf"; sourceTree = "<group>"; };
		406712ABBF6E7398EB38FAB0 /* StoryIntroView.swift */ = {isa = PBXFileReference; lastKnownFileType = sourcecode.swift; path = StoryIntroView.swift; sourceTree = "<group>"; };
		43A9748F6CCC6B689B7FFCA3 /* TrafficMonitor.swift */ = {isa = PBXFileReference; lastKnownFileType = sourcecode.swift; path = TrafficMonitor.swift; sourceTree = "<group>"; };
		479887D6FB86BE11EE200C2C /* Route.swift */ = {isa = PBXFileReference; lastKnownFileType = sourcecode.swift; path = Route.swift; sourceTree = "<group>"; };
		4B29C653AE4249A47FFCA585 /* TrafficSyncService.swift */ = {isa = PBXFileReference; lastKnownFileType = sourcecode.swift; path = TrafficSyncService.swift; sourceTree = "<group>"; };
		4CC42B1FA5705221AC0C733E /* ReelsBlockFilter.swift */ = {isa = PBXFileReference; lastKnownFileType = sourcecode.swift; path = ReelsBlockFilter.swift; sourceTree = "<group>"; };
		4DD92E5F328DFFA211DB2DF1 /* TrafficDashboardView.swift */ = {isa = PBXFileReference; lastKnownFileType = sourcecode.swift; path = TrafficDashboardView.swift; sourceTree = "<group>"; };
		4DE549248D49EE820D38D45E /* RinklerConstants.swift */ = {isa = PBXFileReference; lastKnownFileType = sourcecode.swift; path = RinklerConstants.swift; sourceTree = "<group>"; };
		4F777843F1BAD76323515DBC /* TrafficStats.swift */ = {isa = PBXFileReference; lastKnownFileType = sourcecode.swift; path = TrafficStats.swift; sourceTree = "<group>"; };
		564D4E3414FAA86BF78846BF /* AuthStore.swift */ = {isa = PBXFileReference; lastKnownFileType = sourcecode.swift; path = AuthStore.swift; sourceTree = "<group>"; };
		57CECCDC624F3B509FE29006 /* DomainThresholdsStore.swift */ = {isa = PBXFileReference; lastKnownFileType = sourcecode.swift; path = DomainThresholdsStore.swift; sourceTree = "<group>"; };
		57E77EC4C2E47266BE66A024 /* BlockingOptionsScreen.swift */ = {isa = PBXFileReference; lastKnownFileType = sourcecode.swift; path = BlockingOptionsScreen.swift; sourceTree = "<group>"; };
		57F802153DFB883EAE08C05F /* LandingPage.swift */ = {isa = PBXFileReference; lastKnownFileType = sourcecode.swift; path = LandingPage.swift; sourceTree = "<group>"; };
		5D252DFF0B940E70C0578122 /* clouds.png */ = {isa = PBXFileReference; lastKnownFileType = image.png; path = clouds.png; sourceTree = "<group>"; };
		5EBBDF9FB53BAD9FED284E69 /* AppIconCircle.swift */ = {isa = PBXFileReference; lastKnownFileType = sourcecode.swift; path = AppIconCircle.swift; sourceTree = "<group>"; };
		6122FA1DE79185FADA473E8B /* FocusSchedule.swift */ = {isa = PBXFileReference; lastKnownFileType = sourcecode.swift; path = FocusSchedule.swift; sourceTree = "<group>"; };
		640F7ECB230E7B6AB27CB250 /* MagicSignInScreen.swift */ = {isa = PBXFileReference; lastKnownFileType = sourcecode.swift; path = MagicSignInScreen.swift; sourceTree = "<group>"; };
		6513D5DFDC1A0AAF3679DAC3 /* FocusSessionFlow.swift */ = {isa = PBXFileReference; lastKnownFileType = sourcecode.swift; path = FocusSessionFlow.swift; sourceTree = "<group>"; };
		663335E5FAC341A329F60BCE /* Rinkler.app */ = {isa = PBXFileReference; includeInIndex = 0; lastKnownFileType = wrapper.application; path = Rinkler.app; sourceTree = BUILT_PRODUCTS_DIR; };
		6BDEB0304046B8B65BAC990F /* Geist-Medium.ttf */ = {isa = PBXFileReference; lastKnownFileType = file; path = "Geist-Medium.ttf"; sourceTree = "<group>"; };
		6E05834E643D7D1F4A0BCE94 /* ScheduleStore.swift */ = {isa = PBXFileReference; lastKnownFileType = sourcecode.swift; path = ScheduleStore.swift; sourceTree = "<group>"; };
		718000FB00038C7D5BF97C3C /* StoryMode.swift */ = {isa = PBXFileReference; lastKnownFileType = sourcecode.swift; path = StoryMode.swift; sourceTree = "<group>"; };
		73160AE5CDC1EB2227598FE1 /* SupabaseAuthClient.swift */ = {isa = PBXFileReference; lastKnownFileType = sourcecode.swift; path = SupabaseAuthClient.swift; sourceTree = "<group>"; };
		787DC1CBC027C5BD9E8B45CF /* StoryJourneyView.swift */ = {isa = PBXFileReference; lastKnownFileType = sourcecode.swift; path = StoryJourneyView.swift; sourceTree = "<group>"; };
		7B9604F3D4BC57BF98E95303 /* icon_rect.png */ = {isa = PBXFileReference; lastKnownFileType = image.png; path = icon_rect.png; sourceTree = "<group>"; };
		8486E682C47F8FD7E2F3E1BD /* PrivacyInfo.xcprivacy */ = {isa = PBXFileReference; path = PrivacyInfo.xcprivacy; sourceTree = "<group>"; };
		86CADF2F2EF725B269BE3298 /* Coolvetica Rg.otf */ = {isa = PBXFileReference; lastKnownFileType = file; path = "Coolvetica Rg.otf"; sourceTree = "<group>"; };
		8B67C76707EA2F1B6CA778E6 /* Geist-Regular.ttf */ = {isa = PBXFileReference; lastKnownFileType = file; path = "Geist-Regular.ttf"; sourceTree = "<group>"; };
		9016AD0BE2A7D0262A32C72B /* SettingsScreen.swift */ = {isa = PBXFileReference; lastKnownFileType = sourcecode.swift; path = SettingsScreen.swift; sourceTree = "<group>"; };
		93149C3327BBE8D752B994EC /* RinklerButton.swift */ = {isa = PBXFileReference; lastKnownFileType = sourcecode.swift; path = RinklerButton.swift; sourceTree = "<group>"; };
		96394AE1B61284743B379677 /* HexGridOverlay.swift */ = {isa = PBXFileReference; lastKnownFileType = sourcecode.swift; path = HexGridOverlay.swift; sourceTree = "<group>"; };
		974BA738E843798E43995962 /* Assets.xcassets */ = {isa = PBXFileReference; lastKnownFileType = folder.assetcatalog; path = Assets.xcassets; sourceTree = "<group>"; };
		983EDDD90EA565B147AA7E04 /* app_options.json */ = {isa = PBXFileReference; lastKnownFileType = text.json; path = app_options.json; sourceTree = "<group>"; };
		A5783FC19490DD0C40D73A23 /* HexGridLayoutManager.swift */ = {isa = PBXFileReference; lastKnownFileType = sourcecode.swift; path = HexGridLayoutManager.swift; sourceTree = "<group>"; };
		AE3B5C79B5C5E90EC91C5BC4 /* clouds_continous.png */ = {isa = PBXFileReference; lastKnownFileType = image.png; path = clouds_continous.png; sourceTree = "<group>"; };
		AE9F300AF4318B76D735CB23 /* GridPositionStore.swift */ = {isa = PBXFileReference; lastKnownFileType = sourcecode.swift; path = GridPositionStore.swift; sourceTree = "<group>"; };
		BC2CFD5FD1877F079E798AEA /* RinklerConstants.swift */ = {isa = PBXFileReference; lastKnownFileType = sourcecode.swift; path = RinklerConstants.swift; sourceTree = "<group>"; };
		BDB7A0D75C363B5282779B46 /* CommitmentMode.swift */ = {isa = PBXFileReference; lastKnownFileType = sourcecode.swift; path = CommitmentMode.swift; sourceTree = "<group>"; };
		BF5120D60C1C9CF0C7443ED7 /* BlockedApp.swift */ = {isa = PBXFileReference; lastKnownFileType = sourcecode.swift; path = BlockedApp.swift; sourceTree = "<group>"; };
		BF7DFD16AB448E5071FAD4EA /* NetworkExtension.framework */ = {isa = PBXFileReference; lastKnownFileType = wrapper.framework; name = NetworkExtension.framework; path = System/Library/Frameworks/NetworkExtension.framework; sourceTree = SDKROOT; };
		BFB11765635D94CCF3BBD78F /* PrivacyInfo.xcprivacy */ = {isa = PBXFileReference; path = PrivacyInfo.xcprivacy; sourceTree = "<group>"; };
		C4D94A7E9AD636F102CF3E43 /* SkyBackgroundView.swift */ = {isa = PBXFileReference; lastKnownFileType = sourcecode.swift; path = SkyBackgroundView.swift; sourceTree = "<group>"; };
		C8B02A44E66588AA736E3E68 /* background.png */ = {isa = PBXFileReference; lastKnownFileType = image.png; path = background.png; sourceTree = "<group>"; };
		D16E3E038B16A6F375F40A47 /* SOCKSProxyServer.swift */ = {isa = PBXFileReference; lastKnownFileType = sourcecode.swift; path = SOCKSProxyServer.swift; sourceTree = "<group>"; };
		D1C06B779FE2C17D43B2AC75 /* VPNManager.swift */ = {isa = PBXFileReference; lastKnownFileType = sourcecode.swift; path = VPNManager.swift; sourceTree = "<group>"; };
		D2A50F9122CBB029061353DE /* RinklerColors.swift */ = {isa = PBXFileReference; lastKnownFileType = sourcecode.swift; path = RinklerColors.swift; sourceTree = "<group>"; };
		D516FE314A3429C8DF74DD86 /* SocialAuthService.swift */ = {isa = PBXFileReference; lastKnownFileType = sourcecode.swift; path = SocialAuthService.swift; sourceTree = "<group>"; };
		D7D0BC55B5DF96BC5261D37C /* SK Pupok Solid 400.ttf */ = {isa = PBXFileReference; lastKnownFileType = file; path = "SK Pupok Solid 400.ttf"; sourceTree = "<group>"; };
		D8087CC6DD4C056AD7AEBBC9 /* TrackedIPStore.swift */ = {isa = PBXFileReference; lastKnownFileType = sourcecode.swift; path = TrackedIPStore.swift; sourceTree = "<group>"; };
		D92F0B3F21CEF28F943ECB94 /* HexCoordinate.swift */ = {isa = PBXFileReference; lastKnownFileType = sourcecode.swift; path = HexCoordinate.swift; sourceTree = "<group>"; };
		DC9716B1D504D1A59B0FCE32 /* GeistMono-Medium.ttf */ = {isa = PBXFileReference; lastKnownFileType = file; path = "GeistMono-Medium.ttf"; sourceTree = "<group>"; };
		E4EE26E399F1596B623F8BB7 /* Info.plist */ = {isa = PBXFileReference; lastKnownFileType = text.plist; path = Info.plist; sourceTree = "<group>"; };
		E59493B9BDCCD2583688AED8 /* RinklerFonts.swift */ = {isa = PBXFileReference; lastKnownFileType = sourcecode.swift; path = RinklerFonts.swift; sourceTree = "<group>"; };
		E924DBEC703AF4C9E21C9156 /* SVGView.swift */ = {isa = PBXFileReference; lastKnownFileType = sourcecode.swift; path = SVGView.swift; sourceTree = "<group>"; };
		EF3819645920D73C6BCEFD61 /* generate_app_icons.sh */ = {isa = PBXFileReference; lastKnownFileType = text.script.sh; path = generate_app_icons.sh; sourceTree = "<group>"; };
		F10D4D9B7C0F8BF5614B3928 /* HeaderBar.swift */ = {isa = PBXFileReference; lastKnownFileType = sourcecode.swift; path = HeaderBar.swift; sourceTree = "<group>"; };
		F20D7BBFC1769D9BADB7AE38 /* Secrets.xcconfig */ = {isa = PBXFileReference; lastKnownFileType = text.xcconfig; path = Secrets.xcconfig; sourceTree = "<group>"; };
		F2F94C505BF1B423E28F1B8F /* RinklerTunnel.appex */ = {isa = PBXFileReference; includeInIndex = 0; lastKnownFileType = "wrapper.app-extension"; path = RinklerTunnel.appex; sourceTree = BUILT_PRODUCTS_DIR; };
		F550C5E5670298216B252FFB /* HomeScreen.swift */ = {isa = PBXFileReference; lastKnownFileType = sourcecode.swift; path = HomeScreen.swift; sourceTree = "<group>"; };
		F5A1766558785D47324AEE13 /* PageIndicator.swift */ = {isa = PBXFileReference; lastKnownFileType = sourcecode.swift; path = PageIndicator.swift; sourceTree = "<group>"; };
		F63206D88AC9BEA6E1EC4CD1 /* instagram.svg */ = {isa = PBXFileReference; path = instagram.svg; sourceTree = "<group>"; };
		F6995FD2AAA89FF46E9B94BE /* AppCluster.swift */ = {isa = PBXFileReference; lastKnownFileType = sourcecode.swift; path = AppCluster.swift; sourceTree = "<group>"; };
		F91148214541676176133529 /* RinklerApp.swift */ = {isa = PBXFileReference; lastKnownFileType = sourcecode.swift; path = RinklerApp.swift; sourceTree = "<group>"; };
		F98E377A71E67ED55DBCAEF5 /* FocusSessionStore.swift */ = {isa = PBXFileReference; lastKnownFileType = sourcecode.swift; path = FocusSessionStore.swift; sourceTree = "<group>"; };
/* End PBXFileReference section */

/* Begin PBXFrameworksBuildPhase section */
		6190B75BEED93D14311957FC /* Frameworks */ = {
			isa = PBXFrameworksBuildPhase;
			buildActionMask = 2147483647;
			files = (
				38BA3DB4D66FEEA5F53ADB52 /* NetworkExtension.framework in Frameworks */,
			);
			runOnlyForDeploymentPostprocessing = 0;
		};
		E59286D0D7A86714EB2B766B /* Frameworks */ = {
			isa = PBXFrameworksBuildPhase;
			buildActionMask = 2147483647;
			files = (
				B7B4A4871CE94DD5A45EBA6F /* Tun2SocksKit in Frameworks */,
				667E81F5A08031062688F28F /* NetworkExtension.framework in Frameworks */,
			);
			runOnlyForDeploymentPostprocessing = 0;
		};
/* End PBXFrameworksBuildPhase section */

/* Begin PBXGroup section */
		1E9A0521E2C753012DB72235 /* Products */ = {
			isa = PBXGroup;
			children = (
				663335E5FAC341A329F60BCE /* Rinkler.app */,
				F2F94C505BF1B423E28F1B8F /* RinklerTunnel.appex */,
			);
			name = Products;
			sourceTree = "<group>";
		};
		21B88948FB0388C787262614 /* Screens */ = {
			isa = PBXGroup;
			children = (
				57E77EC4C2E47266BE66A024 /* BlockingOptionsScreen.swift */,
				2329C72BED0AAC93D2EA3F1A /* CodeVerificationScreen.swift */,
				BDB7A0D75C363B5282779B46 /* CommitmentMode.swift */,
				6513D5DFDC1A0AAF3679DAC3 /* FocusSessionFlow.swift */,
				F550C5E5670298216B252FFB /* HomeScreen.swift */,
				57F802153DFB883EAE08C05F /* LandingPage.swift */,
				640F7ECB230E7B6AB27CB250 /* MagicSignInScreen.swift */,
				2E9375C1A18837E3A875E608 /* MainTabs.swift */,
				32CF084F88F3421AB068BF18 /* Onboarding.swift */,
				00F5F551EC0B70074AD05FF4 /* SchedulesScreen.swift */,
				9016AD0BE2A7D0262A32C72B /* SettingsScreen.swift */,
				406712ABBF6E7398EB38FAB0 /* StoryIntroView.swift */,
				787DC1CBC027C5BD9E8B45CF /* StoryJourneyView.swift */,
				4DD92E5F328DFFA211DB2DF1 /* TrafficDashboardView.swift */,
			);
			path = Screens;
			sourceTree = "<group>";
		};
		2C3726970808E5427551957B /* Fonts */ = {
			isa = PBXGroup;
			children = (
				30B8277AD4180A5D6436F446 /* Coolvetica Rg It.otf */,
				86CADF2F2EF725B269BE3298 /* Coolvetica Rg.otf */,
				3FFAB559009DA505208E9071 /* Geist-Bold.ttf */,
				6BDEB0304046B8B65BAC990F /* Geist-Medium.ttf */,
				8B67C76707EA2F1B6CA778E6 /* Geist-Regular.ttf */,
				3C15880DF86C0FD691599AD7 /* Geist-SemiBold.ttf */,
				DC9716B1D504D1A59B0FCE32 /* GeistMono-Medium.ttf */,
				1385780532D15FA6AA764E94 /* GeistMono-Regular.ttf */,
				D7D0BC55B5DF96BC5261D37C /* SK Pupok Solid 400.ttf */,
			);
			path = Fonts;
			sourceTree = "<group>";
		};
		34C30DF1F92FB2750F5690B8 /* Resources */ = {
			isa = PBXGroup;
			children = (
				983EDDD90EA565B147AA7E04 /* app_options.json */,
				C8B02A44E66588AA736E3E68 /* background.png */,
				AE3B5C79B5C5E90EC91C5BC4 /* clouds_continous.png */,
				5D252DFF0B940E70C0578122 /* clouds.png */,
				7B9604F3D4BC57BF98E95303 /* icon_rect.png */,
				F63206D88AC9BEA6E1EC4CD1 /* instagram.svg */,
				2C3726970808E5427551957B /* Fonts */,
			);
			path = Resources;
			sourceTree = "<group>";
		};
		36BAA8114B33C5AE08892636 /* Rinkler */ = {
			isa = PBXGroup;
			children = (
				974BA738E843798E43995962 /* Assets.xcassets */,
				57CECCDC624F3B509FE29006 /* DomainThresholdsStore.swift */,
				EF3819645920D73C6BCEFD61 /* generate_app_icons.sh */,
				01FC94A1106D0079E6296CD5 /* Info.plist */,
				BFB11765635D94CCF3BBD78F /* PrivacyInfo.xcprivacy */,
				1E904EE2EDD15DEE8C739795 /* Rinkler.entitlements */,
				F91148214541676176133529 /* RinklerApp.swift */,
				4DE549248D49EE820D38D45E /* RinklerConstants.swift */,
				43A9748F6CCC6B689B7FFCA3 /* TrafficMonitor.swift */,
				4F777843F1BAD76323515DBC /* TrafficStats.swift */,
				4B29C653AE4249A47FFCA585 /* TrafficSyncService.swift */,
				2CEF1799074BBF2E035C5105 /* TunnelLogReader.swift */,
				D1C06B779FE2C17D43B2AC75 /* VPNManager.swift */,
				B327E9AFB30B3C112CBBA672 /* Components */,
				71E967AA604EB67E2AE6AD8A /* Models */,
				34C30DF1F92FB2750F5690B8 /* Resources */,
				21B88948FB0388C787262614 /* Screens */,
				A873CEE20494C960B70015E9 /* Theme */,
				BAD7E753D7AC5C15054E8CAA /* Widgets */,
			);
			path = Rinkler;
			sourceTree = "<group>";
		};
		4AF4E6AB92A45FB30277640A /* Frameworks */ = {
			isa = PBXGroup;
			children = (
				BF7DFD16AB448E5071FAD4EA /* NetworkExtension.framework */,
			);
			name = Frameworks;
			sourceTree = "<group>";
		};
		71E967AA604EB67E2AE6AD8A /* Models */ = {
			isa = PBXGroup;
			children = (
				2355A532BACBAFA3D437FA2C /* AppOptionsService.swift */,
				14B4F8E36028BD39E5A68680 /* AppStore.swift */,
				564D4E3414FAA86BF78846BF /* AuthStore.swift */,
				BF5120D60C1C9CF0C7443ED7 /* BlockedApp.swift */,
				6122FA1DE79185FADA473E8B /* FocusSchedule.swift */,
				F98E377A71E67ED55DBCAEF5 /* FocusSessionStore.swift */,
				AE9F300AF4318B76D735CB23 /* GridPositionStore.swift */,
				D92F0B3F21CEF28F943ECB94 /* HexCoordinate.swift */,
				A5783FC19490DD0C40D73A23 /* HexGridLayoutManager.swift */,
				374194F5AE5511DE9046953D /* MagicSignInService.swift */,
				479887D6FB86BE11EE200C2C /* Route.swift */,
				D516FE314A3429C8DF74DD86 /* SocialAuthService.swift */,
				718000FB00038C7D5BF97C3C /* StoryMode.swift */,
				73160AE5CDC1EB2227598FE1 /* SupabaseAuthClient.swift */,
			);
			path = Models;
			sourceTree = "<group>";
		};
		A873CEE20494C960B70015E9 /* Theme */ = {
			isa = PBXGroup;
			children = (
				D2A50F9122CBB029061353DE /* RinklerColors.swift */,
				E59493B9BDCCD2583688AED8 /* RinklerFonts.swift */,
				2D445DCA5E76C2FF20402DDF /* RinklerSpacing.swift */,
			);
			path = Theme;
			sourceTree = "<group>";
		};
		ACC4F9FFC5CD29EFEFC83609 /* RinklerTunnel */ = {
			isa = PBXGroup;
			children = (
				E4EE26E399F1596B623F8BB7 /* Info.plist */,
				1DE866E1A9CFF4C4FC440C29 /* PacketTunnelProvider.swift */,
				8486E682C47F8FD7E2F3E1BD /* PrivacyInfo.xcprivacy */,
				4CC42B1FA5705221AC0C733E /* ReelsBlockFilter.swift */,
				BC2CFD5FD1877F079E798AEA /* RinklerConstants.swift */,
				074249879ADE42173628FE64 /* RinklerTunnel.entitlements */,
				6E05834E643D7D1F4A0BCE94 /* ScheduleStore.swift */,
				D16E3E038B16A6F375F40A47 /* SOCKSProxyServer.swift */,
				D8087CC6DD4C056AD7AEBBC9 /* TrackedIPStore.swift */,
				397E28BCBD9341C0C23C2AE8 /* TrafficStats.swift */,
				21D8AA0B52EFBAE266BFC2DF /* TunnelLogger.swift */,
			);
			path = RinklerTunnel;
			sourceTree = "<group>";
		};
		B327E9AFB30B3C112CBBA672 /* Components */ = {
			isa = PBXGroup;
			children = (
				5EBBDF9FB53BAD9FED284E69 /* AppIconCircle.swift */,
				00E6F19BAF939D697620900C /* AppOptionArcs.swift */,
				3CED3F851C4A2F64103F7547 /* BackArrowView.swift */,
				F10D4D9B7C0F8BF5614B3928 /* HeaderBar.swift */,
				96394AE1B61284743B379677 /* HexGridOverlay.swift */,
				F5A1766558785D47324AEE13 /* PageIndicator.swift */,
				93149C3327BBE8D752B994EC /* RinklerButton.swift */,
				C4D94A7E9AD636F102CF3E43 /* SkyBackgroundView.swift */,
				06098896B243AE479926D667 /* SocialMediaIcon.swift */,
				2BEAFECE74B5A2C129B578F9 /* SVGCache.swift */,
				E924DBEC703AF4C9E21C9156 /* SVGView.swift */,
			);
			path = Components;
			sourceTree = "<group>";
		};
		BAD7E753D7AC5C15054E8CAA /* Widgets */ = {
			isa = PBXGroup;
			children = (
				F6995FD2AAA89FF46E9B94BE /* AppCluster.swift */,
				13899B3F836EAA4144AA80E9 /* DialSelector.swift */,
			);
			path = Widgets;
			sourceTree = "<group>";
		};
		C46FB20D090C9BD0D59BBEC8 /* ios */ = {
			isa = PBXGroup;
			children = (
				F20D7BBFC1769D9BADB7AE38 /* Secrets.xcconfig */,
			);
			name = ios;
			path = .;
			sourceTree = "<group>";
		};
		D3B196AC9B2665ED3E576931 = {
			isa = PBXGroup;
			children = (
				C46FB20D090C9BD0D59BBEC8 /* ios */,
				36BAA8114B33C5AE08892636 /* Rinkler */,
				ACC4F9FFC5CD29EFEFC83609 /* RinklerTunnel */,
				4AF4E6AB92A45FB30277640A /* Frameworks */,
				1E9A0521E2C753012DB72235 /* Products */,
			);
			sourceTree = "<group>";
		};
/* End PBXGroup section */

/* Begin PBXNativeTarget section */
		1AF476208B4878778922899A /* RinklerTunnel */ = {
			isa = PBXNativeTarget;
			buildConfigurationList = 30977FF3E9072A6CAE0D3EE5 /* Build configuration list for PBXNativeTarget "RinklerTunnel" */;
			buildPhases = (
				5D15F589FA4784C30C5AD7EF /* Sources */,
				4E3B730C00CEDF6310E08AA1 /* Resources */,
				E59286D0D7A86714EB2B766B /* Frameworks */,
			);
			buildRules = (
			);
			dependencies = (
			);
			name = RinklerTunnel;
			packageProductDependencies = (
				DAAC43CCA5105E1BC30F5C57 /* Tun2SocksKit */,
			);
			productName = RinklerTunnel;
			productReference = F2F94C505BF1B423E28F1B8F /* RinklerTunnel.appex */;
			productType = "com.apple.product-type.app-extension";
		};
		AE47E360F2250DDC74778C76 /* Rinkler */ = {
			isa = PBXNativeTarget;
			buildConfigurationList = B75BE316F84B6155570F9998 /* Build configuration list for PBXNativeTarget "Rinkler" */;
			buildPhases = (
				D6DD3E35DA572545352F2C14 /* Sources */,
				F4D33BC7A90EC4B3DF0FD5C9 /* Resources */,
				6190B75BEED93D14311957FC /* Frameworks */,
				83FE9C71DFFBD3F5A560F7D8 /* Embed Foundation Extensions */,
			);
			buildRules = (
			);
			dependencies = (
				85F0E8082FAC04B81B1DA71E /* PBXTargetDependency */,
			);
			name = Rinkler;
			packageProductDependencies = (
			);
			productName = Rinkler;
			productReference = 663335E5FAC341A329F60BCE /* Rinkler.app */;
			productType = "com.apple.product-type.application";
		};
/* End PBXNativeTarget section */

/* Begin PBXProject section */
		BD5CC140AB379221F09BA815 /* Project object */ = {
			isa = PBXProject;
			attributes = {
				BuildIndependentTargetsInParallel = YES;
				LastUpgradeCheck = 1600;
				TargetAttributes = {
					1AF476208B4878778922899A = {
						DevelopmentTeam = QDKSUX27F9;
						ProvisioningStyle = Automatic;
					};
					AE47E360F2250DDC74778C76 = {
						DevelopmentTeam = QDKSUX27F9;
						ProvisioningStyle = Automatic;
					};
				};
			};
			buildConfigurationList = 65661BEC02DED0DA5086BB13 /* Build configuration list for PBXProject "Rinkler" */;
			developmentRegion = en;
			hasScannedForEncodings = 0;
			knownRegions = (
				Base,
				en,
			);
			mainGroup = D3B196AC9B2665ED3E576931;
			minimizedProjectReferenceProxies = 1;
			packageReferences = (
				B4D743FAFBEA74C3FE7870E9 /* XCRemoteSwiftPackageReference "Tun2SocksKit" */,
			);
			preferredProjectObjectVersion = 77;
			productRefGroup = 1E9A0521E2C753012DB72235 /* Products */;
			projectDirPath = "";
			projectRoot = "";
			targets = (
				AE47E360F2250DDC74778C76 /* Rinkler */,
				1AF476208B4878778922899A /* RinklerTunnel */,
			);
		};
/* End PBXProject section */

/* Begin PBXResourcesBuildPhase section */
		4E3B730C00CEDF6310E08AA1 /* Resources */ = {
			isa = PBXResourcesBuildPhase;
			buildActionMask = 2147483647;
			files = (
				4BC1F4C5B55F26647B7348F8 /* PrivacyInfo.xcprivacy in Resources */,
			);
			runOnlyForDeploymentPostprocessing = 0;
		};
		F4D33BC7A90EC4B3DF0FD5C9 /* Resources */ = {
			isa = PBXResourcesBuildPhase;
			buildActionMask = 2147483647;
			files = (
				0B4EB00C97E672425812AA25 /* Assets.xcassets in Resources */,
				66EE61CDBE3477D44278F615 /* Coolvetica Rg It.otf in Resources */,
				F4B8697572B478F7765AFD87 /* Coolvetica Rg.otf in Resources */,
				BDC78A2056C2B45514DF1AE5 /* Geist-Bold.ttf in Resources */,
				4EC5338F17870CE5F6D56E4D /* Geist-Medium.ttf in Resources */,
				D5A4A58AD9811905BFB75D74 /* Geist-Regular.ttf in Resources */,
				95F73E9E17A7DD2725062715 /* Geist-SemiBold.ttf in Resources */,
				E39D7AE460715338C5AC65AF /* GeistMono-Medium.ttf in Resources */,
				C42E3E66DCBAE80C7310B04F /* GeistMono-Regular.ttf in Resources */,
				EA86CF9990DD956E5DE074C2 /* PrivacyInfo.xcprivacy in Resources */,
				B010204146746DC08793CBF2 /* SK Pupok Solid 400.ttf in Resources */,
				0FCE82CC6641E422AC7C9D45 /* app_options.json in Resources */,
				98E4304DA9207A460881145B /* background.png in Resources */,
				4DDDB6A35FE7E2CD8714BC7E /* clouds.png in Resources */,
				592529756B9BB5922D96A234 /* clouds_continous.png in Resources */,
				5D061A637099075C26BE4D4D /* generate_app_icons.sh in Resources */,
				C202B1B4F836F9789F0849A3 /* icon_rect.png in Resources */,
				1A08DD84ABF5A9B5DDECC482 /* instagram.svg in Resources */,
			);
			runOnlyForDeploymentPostprocessing = 0;
		};
/* End PBXResourcesBuildPhase section */

/* Begin PBXSourcesBuildPhase section */
		5D15F589FA4784C30C5AD7EF /* Sources */ = {
			isa = PBXSourcesBuildPhase;
			buildActionMask = 2147483647;
			files = (
				6AFB55EBB8AD8AEE9AEAD42B /* PacketTunnelProvider.swift in Sources */,
				15648560932F416960EB6E20 /* ReelsBlockFilter.swift in Sources */,
				FF74AAC2D5F1ABFFA5FE3133 /* RinklerConstants.swift in Sources */,
				2C54F6CDB4193F4677E5F2E6 /* SOCKSProxyServer.swift in Sources */,
				731D8207D125262038B24F66 /* ScheduleStore.swift in Sources */,
				7F3CB7CA82BFCB3102D024B4 /* TrackedIPStore.swift in Sources */,
				BFB5C2065FF9A1A71A8C9FA4 /* TrafficStats.swift in Sources */,
				7D8D76B0058A6D07AEEC75C9 /* TunnelLogger.swift in Sources */,
			);
			runOnlyForDeploymentPostprocessing = 0;
		};
		D6DD3E35DA572545352F2C14 /* Sources */ = {
			isa = PBXSourcesBuildPhase;
			buildActionMask = 2147483647;
			files = (
				907E345C32C18D8912FA07E7 /* AppCluster.swift in Sources */,
				F1214A0EE2E4867EFF135309 /* AppIconCircle.swift in Sources */,
				13F2B42D1C90415E09B2D879 /* AppOptionArcs.swift in Sources */,
				6F206859F1FB1F8F49492C6A /* AppOptionsService.swift in Sources */,
				CF9A5DCCC2292C65DDD14283 /* AppStore.swift in Sources */,
				C5CA5DCBE2DC2CE77ED096CB /* AuthStore.swift in Sources */,
				1D0270A5C746CC0733E8DF45 /* BackArrowView.swift in Sources */,
				03B54F9E43E78E58A4A0AD87 /* BlockedApp.swift in Sources */,
				87AC727BB420F966CC647112 /* BlockingOptionsScreen.swift in Sources */,
				DBBC9B6EB331AFAA8EB046A3 /* CodeVerificationScreen.swift in Sources */,
				AB4D9057AE04D091CD421152 /* CommitmentMode.swift in Sources */,
				2C4867F8717A9BEC46DA076C /* DialSelector.swift in Sources */,
				7224E89EFDD6EA927B024A56 /* DomainThresholdsStore.swift in Sources */,
				71D4454D303DAFA7B838E3F4 /* FocusSchedule.swift in Sources */,
				691144800755A171FB98AB2C /* FocusSessionFlow.swift in Sources */,
				18C5E9EA3DCA46D2D55EF4C1 /* FocusSessionStore.swift in Sources */,
				825D626EFA0E977E595D9ED7 /* GridPositionStore.swift in Sources */,
				90956901EB8C8507D12DC29C /* HeaderBar.swift in Sources */,
				C25B6A5BA15EB6A01CAF4CC6 /* HexCoordinate.swift in Sources */,
				6175B7D6B82606618B8DA0E5 /* HexGridLayoutManager.swift in Sources */,
				6C775B2904BBF22C341B45FB /* HexGridOverlay.swift in Sources */,
				7D4C592502E7F12816FF2BA6 /* HomeScreen.swift in Sources */,
				B72E59877096CAAB16A0329E /* LandingPage.swift in Sources */,
				7BED3440D9549E00072A0124 /* MagicSignInScreen.swift in Sources */,
				0173F2354DFED647A0A33AB3 /* MagicSignInService.swift in Sources */,
				4EDEF22AE5D72EB11A9B95DF /* MainTabs.swift in Sources */,
				0C24B6D217760C4333294C04 /* Onboarding.swift in Sources */,
				249F9F8D880669A5E6801F34 /* PageIndicator.swift in Sources */,
				DA7C7CB5EE05C392B24325F1 /* RinklerApp.swift in Sources */,
				46C920CEEAB286488C807E85 /* RinklerButton.swift in Sources */,
				1B94FC2BB1E47E0399196504 /* RinklerColors.swift in Sources */,
				876A915268CF0E1700BAEF44 /* RinklerConstants.swift in Sources */,
				9022F3151BBBF2126427A6C7 /* RinklerFonts.swift in Sources */,
				74D38AA0835FB259016D1A68 /* RinklerSpacing.swift in Sources */,
				8446CD4F7D62573EB05564C0 /* Route.swift in Sources */,
				3CED9570EE158A7A2FE78FB3 /* SVGCache.swift in Sources */,
				21E479263E0BA27E397CF408 /* SVGView.swift in Sources */,
				1D303148ABF236BFE88E6EBB /* SchedulesScreen.swift in Sources */,
				3565A8C87FC312BBCA3CE9E6 /* SettingsScreen.swift in Sources */,
				77F9B0349A0333FEE6D85B8B /* SkyBackgroundView.swift in Sources */,
				FFF2E06EC4951AE544CC8F9A /* SocialAuthService.swift in Sources */,
				56456EE81A13FDDFB0BE31DE /* SocialMediaIcon.swift in Sources */,
				0882D1B6379DA2FE8770DAD5 /* StoryIntroView.swift in Sources */,
				DCD3A461A16BBA937B53326C /* StoryJourneyView.swift in Sources */,
				188CE41E28D3E8B364F51BEA /* StoryMode.swift in Sources */,
				99C5EB4B0416E7D4DF46668B /* SupabaseAuthClient.swift in Sources */,
				272E604AE7A501732BF5111F /* TrafficDashboardView.swift in Sources */,
				F373B63FFCFA861304662E4C /* TrafficMonitor.swift in Sources */,
				19663B38002D097B4EE6BE23 /* TrafficStats.swift in Sources */,
				5799FDA0A5EE27CA25BF6451 /* TrafficSyncService.swift in Sources */,
				94437697D22ECB22D2D9BED3 /* TunnelLogReader.swift in Sources */,
				C457077F2257A6DEC4DF5377 /* VPNManager.swift in Sources */,
			);
			runOnlyForDeploymentPostprocessing = 0;
		};
/* End PBXSourcesBuildPhase section */

/* Begin PBXTargetDependency section */
		85F0E8082FAC04B81B1DA71E /* PBXTargetDependency */ = {
			isa = PBXTargetDependency;
			target = 1AF476208B4878778922899A /* RinklerTunnel */;
			targetProxy = D9E5D02B72797E51683A968E /* PBXContainerItemProxy */;
		};
/* End PBXTargetDependency section */

/* Begin XCBuildConfiguration section */
		625C9E9077E380657DFB78CB /* Debug */ = {
			isa = XCBuildConfiguration;
			baseConfigurationReference = F20D7BBFC1769D9BADB7AE38 /* Secrets.xcconfig */;
			buildSettings = {
				ALWAYS_SEARCH_USER_PATHS = NO;
				CLANG_ANALYZER_NONNULL = YES;
				CLANG_ANALYZER_NUMBER_OBJECT_CONVERSION = YES_AGGRESSIVE;
				CLANG_CXX_LANGUAGE_STANDARD = "gnu++14";
				CLANG_CXX_LIBRARY = "libc++";
				CLANG_ENABLE_MODULES = YES;
				CLANG_ENABLE_OBJC_ARC = YES;
				CLANG_ENABLE_OBJC_WEAK = YES;
				CLANG_WARN_BLOCK_CAPTURE_AUTORELEASING = YES;
				CLANG_WARN_BOOL_CONVERSION = YES;
				CLANG_WARN_COMMA = YES;
				CLANG_WARN_CONSTANT_CONVERSION = YES;
				CLANG_WARN_DEPRECATED_OBJC_IMPLEMENTATIONS = YES;
				CLANG_WARN_DIRECT_OBJC_ISA_USAGE = YES_ERROR;
				CLANG_WARN_DOCUMENTATION_COMMENTS = YES;
				CLANG_WARN_EMPTY_BODY = YES;
				CLANG_WARN_ENUM_CONVERSION = YES;
				CLANG_WARN_INFINITE_RECURSION = YES;
				CLANG_WARN_INT_CONVERSION = YES;
				CLANG_WARN_NON_LITERAL_NULL_CONVERSION = YES;
				CLANG_WARN_OBJC_IMPLICIT_RETAIN_SELF = YES;
				CLANG_WARN_OBJC_LITERAL_CONVERSION = YES;
				CLANG_WARN_OBJC_ROOT_CLASS = YES_ERROR;
				CLANG_WARN_QUOTED_INCLUDE_IN_FRAMEWORK_HEADER = YES;
				CLANG_WARN_RANGE_LOOP_ANALYSIS = YES;
				CLANG_WARN_STRICT_PROTOTYPES = YES;
				CLANG_WARN_SUSPICIOUS_MOVE = YES;
				CLANG_WARN_UNGUARDED_AVAILABILITY = YES_AGGRESSIVE;
				CLANG_WARN_UNREACHABLE_CODE = YES;
				CLANG_WARN__DUPLICATE_METHOD_MATCH = YES;
				COPY_PHASE_STRIP = NO;
				DEBUG_INFORMATION_FORMAT = dwarf;
				ENABLE_STRICT_OBJC_MSGSEND = YES;
				ENABLE_TESTABILITY = YES;
				GCC_C_LANGUAGE_STANDARD = gnu11;
				GCC_DYNAMIC_NO_PIC = NO;
				GCC_NO_COMMON_BLOCKS = YES;
				GCC_OPTIMIZATION_LEVEL = 0;
				GCC_PREPROCESSOR_DEFINITIONS = (
					"$(inherited)",
					"DEBUG=1",
				);
				GCC_WARN_64_TO_32_BIT_CONVERSION = YES;
				GCC_WARN_ABOUT_RETURN_TYPE = YES_ERROR;
				GCC_WARN_UNDECLARED_SELECTOR = YES;
				GCC_WARN_UNINITIALIZED_AUTOS = YES_AGGRESSIVE;
				GCC_WARN_UNUSED_FUNCTION = YES;
				GCC_WARN_UNUSED_VARIABLE = YES;
				IPHONEOS_DEPLOYMENT_TARGET = 17.0;
				MTL_ENABLE_DEBUG_INFO = INCLUDE_SOURCE;
				MTL_FAST_MATH = YES;
				ONLY_ACTIVE_ARCH = YES;
				PRODUCT_NAME = "$(TARGET_NAME)";
				SDKROOT = iphoneos;
				SWIFT_ACTIVE_COMPILATION_CONDITIONS = DEBUG;
				SWIFT_OPTIMIZATION_LEVEL = "-Onone";
				SWIFT_VERSION = 5.0;
			};
			name = Debug;
		};
		686F973A58087B544B5D5D5D /* Debug */ = {
			isa = XCBuildConfiguration;
			buildSettings = {
				ASSETCATALOG_COMPILER_APPICON_NAME = AppIcon;
				ASSETCATALOG_COMPILER_GENERATE_SWIFT_ASSET_SYMBOL_EXTENSIONS = YES;
				CODE_SIGN_ENTITLEMENTS = Rinkler/Rinkler.entitlements;
				CODE_SIGN_IDENTITY = "iPhone Developer";
				CODE_SIGN_STYLE = Automatic;
				DEVELOPMENT_TEAM = QDKSUX27F9;
				ENABLE_USER_SCRIPT_SANDBOXING = YES;
				INFOPLIST_FILE = Rinkler/Info.plist;
				LD_RUNPATH_SEARCH_PATHS = (
					"$(inherited)",
					"@executable_path/Frameworks",
				);
				PRODUCT_BUNDLE_IDENTIFIER = com.rinkler.app;
				SDKROOT = iphoneos;
				TARGETED_DEVICE_FAMILY = 1;
			};
			name = Debug;
		};
		761BE0F85796286B3EBD7383 /* Release */ = {
			isa = XCBuildConfiguration;
			buildSettings = {
				CODE_SIGN_ENTITLEMENTS = RinklerTunnel/RinklerTunnel.entitlements;
				CODE_SIGN_STYLE = Automatic;
				DEVELOPMENT_TEAM = QDKSUX27F9;
				INFOPLIST_FILE = RinklerTunnel/Info.plist;
				LD_RUNPATH_SEARCH_PATHS = (
					"$(inherited)",
					"@executable_path/Frameworks",
					"@executable_path/../../Frameworks",
				);
				PRODUCT_BUNDLE_IDENTIFIER = com.rinkler.app.tunnel;
				SDKROOT = iphoneos;
				TARGETED_DEVICE_FAMILY = 1;
			};
			name = Release;
		};
		7F20CF501B7FCD6FFB326475 /* Release */ = {
			isa = XCBuildConfiguration;
			buildSettings = {
				ASSETCATALOG_COMPILER_APPICON_NAME = AppIcon;
				ASSETCATALOG_COMPILER_GENERATE_SWIFT_ASSET_SYMBOL_EXTENSIONS = YES;
				CODE_SIGN_ENTITLEMENTS = Rinkler/Rinkler.entitlements;
				CODE_SIGN_IDENTITY = "iPhone Developer";
				CODE_SIGN_STYLE = Automatic;
				DEVELOPMENT_TEAM = QDKSUX27F9;
				ENABLE_USER_SCRIPT_SANDBOXING = YES;
				INFOPLIST_FILE = Rinkler/Info.plist;
				LD_RUNPATH_SEARCH_PATHS = (
					"$(inherited)",
					"@executable_path/Frameworks",
				);
				PRODUCT_BUNDLE_IDENTIFIER = com.rinkler.app;
				SDKROOT = iphoneos;
				TARGETED_DEVICE_FAMILY = 1;
			};
			name = Release;
		};
		8468B59BE1484E6DD59A069F /* Release */ = {
			isa = XCBuildConfiguration;
			baseConfigurationReference = F20D7BBFC1769D9BADB7AE38 /* Secrets.xcconfig */;
			buildSettings = {
				ALWAYS_SEARCH_USER_PATHS = NO;
				CLANG_ANALYZER_NONNULL = YES;
				CLANG_ANALYZER_NUMBER_OBJECT_CONVERSION = YES_AGGRESSIVE;
				CLANG_CXX_LANGUAGE_STANDARD = "gnu++14";
				CLANG_CXX_LIBRARY = "libc++";
				CLANG_ENABLE_MODULES = YES;
				CLANG_ENABLE_OBJC_ARC = YES;
				CLANG_ENABLE_OBJC_WEAK = YES;
				CLANG_WARN_BLOCK_CAPTURE_AUTORELEASING = YES;
				CLANG_WARN_BOOL_CONVERSION = YES;
				CLANG_WARN_COMMA = YES;
				CLANG_WARN_CONSTANT_CONVERSION = YES;
				CLANG_WARN_DEPRECATED_OBJC_IMPLEMENTATIONS = YES;
				CLANG_WARN_DIRECT_OBJC_ISA_USAGE = YES_ERROR;
				CLANG_WARN_DOCUMENTATION_COMMENTS = YES;
				CLANG_WARN_EMPTY_BODY = YES;
				CLANG_WARN_ENUM_CONVERSION = YES;
				CLANG_WARN_INFINITE_RECURSION = YES;
				CLANG_WARN_INT_CONVERSION = YES;
				CLANG_WARN_NON_LITERAL_NULL_CONVERSION = YES;
				CLANG_WARN_OBJC_IMPLICIT_RETAIN_SELF = YES;
				CLANG_WARN_OBJC_LITERAL_CONVERSION = YES;
				CLANG_WARN_OBJC_ROOT_CLASS = YES_ERROR;
				CLANG_WARN_QUOTED_INCLUDE_IN_FRAMEWORK_HEADER = YES;
				CLANG_WARN_RANGE_LOOP_ANALYSIS = YES;
				CLANG_WARN_STRICT_PROTOTYPES = YES;
				CLANG_WARN_SUSPICIOUS_MOVE = YES;
				CLANG_WARN_UNGUARDED_AVAILABILITY = YES_AGGRESSIVE;
				CLANG_WARN_UNREACHABLE_CODE = YES;
				CLANG_WARN__DUPLICATE_METHOD_MATCH = YES;
				COPY_PHASE_STRIP = NO;
				DEBUG_INFORMATION_FORMAT = "dwarf-with-dsym";
				ENABLE_NS_ASSERTIONS = NO;
				ENABLE_STRICT_OBJC_MSGSEND = YES;
				GCC_C_LANGUAGE_STANDARD = gnu11;
				GCC_NO_COMMON_BLOCKS = YES;
				GCC_WARN_64_TO_32_BIT_CONVERSION = YES;
				GCC_WARN_ABOUT_RETURN_TYPE = YES_ERROR;
				GCC_WARN_UNDECLARED_SELECTOR = YES;
				GCC_WARN_UNINITIALIZED_AUTOS = YES_AGGRESSIVE;
				GCC_WARN_UNUSED_FUNCTION = YES;
				GCC_WARN_UNUSED_VARIABLE = YES;
				IPHONEOS_DEPLOYMENT_TARGET = 17.0;
				MTL_ENABLE_DEBUG_INFO = NO;
				MTL_FAST_MATH = YES;
				PRODUCT_NAME = "$(TARGET_NAME)";
				SDKROOT = iphoneos;
				SWIFT_COMPILATION_MODE = wholemodule;
				SWIFT_OPTIMIZATION_LEVEL = "-O";
				SWIFT_VERSION = 5.0;
			};
			name = Release;
		};
		E73A45AA964A46178EF921ED /* Debug */ = {
			isa = XCBuildConfiguration;
			buildSettings = {
				CODE_SIGN_ENTITLEMENTS = RinklerTunnel/RinklerTunnel.entitlements;
				CODE_SIGN_STYLE = Automatic;
				DEVELOPMENT_TEAM = QDKSUX27F9;
				INFOPLIST_FILE = RinklerTunnel/Info.plist;
				LD_RUNPATH_SEARCH_PATHS = (
					"$(inherited)",
					"@executable_path/Frameworks",
					"@executable_path/../../Frameworks",
				);
				PRODUCT_BUNDLE_IDENTIFIER = com.rinkler.app.tunnel;
				SDKROOT = iphoneos;
				TARGETED_DEVICE_FAMILY = 1;
			};
			name = Debug;
		};
/* End XCBuildConfiguration section */

/* Begin XCConfigurationList section */
		30977FF3E9072A6CAE0D3EE5 /* Build configuration list for PBXNativeTarget "RinklerTunnel" */ = {
			isa = XCConfigurationList;
			buildConfigurations = (
				E73A45AA964A46178EF921ED /* Debug */,
				761BE0F85796286B3EBD7383 /* Release */,
			);
			defaultConfigurationIsVisible = 0;
			defaultConfigurationName = Debug;
		};
		65661BEC02DED0DA5086BB13 /* Build configuration list for PBXProject "Rinkler" */ = {
			isa = XCConfigurationList;
			buildConfigurations = (
				625C9E9077E380657DFB78CB /* Debug */,
				8468B59BE1484E6DD59A069F /* Release */,
			);
			defaultConfigurationIsVisible = 0;
			defaultConfigurationName = Debug;
		};
		B75BE316F84B6155570F9998 /* Build configuration list for PBXNativeTarget "Rinkler" */ = {
			isa = XCConfigurationList;
			buildConfigurations = (
				686F973A58087B544B5D5D5D /* Debug */,
				7F20CF501B7FCD6FFB326475 /* Release */,
			);
			defaultConfigurationIsVisible = 0;
			defaultConfigurationName = Debug;
		};
/* End XCConfigurationList section */

/* Begin XCRemoteSwiftPackageReference section */
		B4D743FAFBEA74C3FE7870E9 /* XCRemoteSwiftPackageReference "Tun2SocksKit" */ = {
			isa = XCRemoteSwiftPackageReference;
			repositoryURL = "https://github.com/EbrahimTahernejad/Tun2SocksKit";
			requirement = {
				kind = exactVersion;
				version = 5.14.4;
			};
		};
/* End XCRemoteSwiftPackageReference section */

/* Begin XCSwiftPackageProductDependency section */
		DAAC43CCA5105E1BC30F5C57 /* Tun2SocksKit */ = {
			isa = XCSwiftPackageProductDependency;
			package = B4D743FAFBEA74C3FE7870E9 /* XCRemoteSwiftPackageReference "Tun2SocksKit" */;
			productName = Tun2SocksKit;
		};
/* End XCSwiftPackageProductDependency section */
	};
	rootObject = BD5CC140AB379221F09BA815 /* Project object */;
}
