// !$*UTF8*$!
{
	archiveVersion = 1;
	classes = {
	};
	objectVersion = 63;
	objects = {

/* Begin PBXBuildFile section */
		0E6B244A6DE7DF4C8BEE6CB9 /* Route.swift in Sources */ = {isa = PBXBuildFile; fileRef = 4F5A0931BEF4F3F4B1BF8741 /* Route.swift */; };
		102A00000000000000000001 /* RinklerTunnel.appex in Embed App Extensions */ = {isa = PBXBuildFile; fileRef = 102A00000000000000000002 /* RinklerTunnel.appex */; settings = {ATTRIBUTES = (RemoveHeadersOnCopy, ); }; };
		102A00000000000000000003 /* PacketTunnelProvider.swift in Sources */ = {isa = PBXBuildFile; fileRef = 102A00000000000000000004 /* PacketTunnelProvider.swift */; };
		102A00000000000000000005 /* ReelsBlockFilter.swift in Sources */ = {isa = PBXBuildFile; fileRef = 102A00000000000000000006 /* ReelsBlockFilter.swift */; };
		102A00000000000000000007 /* SOCKSProxyServer.swift in Sources */ = {isa = PBXBuildFile; fileRef = 102A00000000000000000008 /* SOCKSProxyServer.swift */; };
		102A00000000000000000009 /* TrafficStats.swift in Sources */ = {isa = PBXBuildFile; fileRef = 102A0000000000000000000A /* TrafficStats.swift */; };
		102A0000000000000000000B /* TunnelLogger.swift in Sources */ = {isa = PBXBuildFile; fileRef = 102A0000000000000000000C /* TunnelLogger.swift */; };
		102A0000000000000000000D /* RinklerConstants.swift in Sources */ = {isa = PBXBuildFile; fileRef = 102A0000000000000000000E /* RinklerConstants.swift */; };
		102A0000000000000000000F /* Tun2SocksKit in Frameworks */ = {isa = PBXBuildFile; productRef = 102A00000000000000000010 /* Tun2SocksKit */; };
		102A00000000000000000011 /* NetworkExtension.framework in Frameworks */ = {isa = PBXBuildFile; fileRef = 102A00000000000000000012 /* NetworkExtension.framework */; };
		102A00000000000000000022 /* TunnelLogReader.swift in Sources */ = {isa = PBXBuildFile; fileRef = 102A00000000000000000023 /* TunnelLogReader.swift */; };
		102A00000000000000000024 /* Security.framework in Frameworks */ = {isa = PBXBuildFile; fileRef = 102A00000000000000000025 /* Security.framework */; };
		102A00000000000000000026 /* PrivacyInfo.xcprivacy in Resources */ = {isa = PBXBuildFile; fileRef = 102A00000000000000000027 /* PrivacyInfo.xcprivacy */; };
		102A00000000000000000028 /* PrivacyInfo.xcprivacy in Resources */ = {isa = PBXBuildFile; fileRef = 102A00000000000000000029 /* PrivacyInfo.xcprivacy */; };
		102A000000000000000000A1 /* TrackedIPStore.swift in Sources */ = {isa = PBXBuildFile; fileRef = 102A000000000000000000A2 /* TrackedIPStore.swift */; };
		102A000000000000000000A3 /* ScheduleStore.swift in Sources */ = {isa = PBXBuildFile; fileRef = 102A000000000000000000A4 /* ScheduleStore.swift */; };
		175B55D8F51D048B9FEFF95B /* BlockedApp.swift in Sources */ = {isa = PBXBuildFile; fileRef = 64DB7E7C0A427B4897386603 /* BlockedApp.swift */; };
		1FDC9A48B273F1E91F3216E3 /* LandingPage.swift in Sources */ = {isa = PBXBuildFile; fileRef = 1DECDACBEC0EF265C1407E1A /* LandingPage.swift */; };
		26827D46EC95D3B01646A294 /* SK Pupok Solid 400.ttf in Resources */ = {isa = PBXBuildFile; fileRef = A3FA39A10AAC758E79448541 /* SK Pupok Solid 400.ttf */; };
		277E9995B4CE17920C7359B3 /* AppCluster.swift in Sources */ = {isa = PBXBuildFile; fileRef = 04C4502521522E3E2BE93F73 /* AppCluster.swift */; };
		280BFBB48D2EC57A67614BEF /* RinklerApp.swift in Sources */ = {isa = PBXBuildFile; fileRef = 51B12D2A976C53EEB139FC50 /* RinklerApp.swift */; };
		287F80E9B726B8336D5110D2 /* RinklerFonts.swift in Sources */ = {isa = PBXBuildFile; fileRef = 5F0388BBA774E17DCA5497C6 /* RinklerFonts.swift */; };
		2A1B3C4D5E6F708192A3B4C5 /* RinklerConstants.swift in Sources */ = {isa = PBXBuildFile; fileRef = 9A1B3C4D5E6F708192A3B4C5 /* RinklerConstants.swift */; };
		2B1C3D4E5F60718293A4B5C6 /* DomainThresholdsStore.swift in Sources */ = {isa = PBXBuildFile; fileRef = 9B1C3D4E5F60718293A4B5C6 /* DomainThresholdsStore.swift */; };
		3422D1868715CE563B813F46 /* PageIndicator.swift in Sources */ = {isa = PBXBuildFile; fileRef = F0B814D56804DA2A853F0CC7 /* PageIndicator.swift */; };
		3AC691E9CD1580465E66E643 /* HexCoordinate.swift in Sources */ = {isa = PBXBuildFile; fileRef = 9432F97BCE16A023A0A8E1EC /* HexCoordinate.swift */; };
		3D24A9C6B91CA4CF08C13CA6 /* HomeScreen.swift in Sources */ = {isa = PBXBuildFile; fileRef = 97236875B7F5FA2B9FE201A3 /* HomeScreen.swift */; };
		3E2F4A5B6C7D8091A2B3C4D5 /* SettingsScreen.swift in Sources */ = {isa = PBXBuildFile; fileRef = 9C2D4E5F60718293A4B5C6D7 /* SettingsScreen.swift */; };
		3EBF87D830A1629BCEB7B827 /* RinklerSpacing.swift in Sources */ = {isa = PBXBuildFile; fileRef = 2657A23991F8E73241EC8D2A /* RinklerSpacing.swift */; };
		4CBD13A9A63EB6FFDE23B67B /* SVGCache.swift in Sources */ = {isa = PBXBuildFile; fileRef = A30EEB2AB48FAE0B765F046C /* SVGCache.swift */; };
		50C1A1AC0000000000000002 /* SocialAuthService.swift in Sources */ = {isa = PBXBuildFile; fileRef = 50C1A1AC0000000000000001 /* SocialAuthService.swift */; };
		50C1A1AC0000000000000011 /* SignalBackground.swift in Sources */ = {isa = PBXBuildFile; fileRef = 50C1A1AC0000000000000010 /* SignalBackground.swift */; };
		50C1A1AC0000000000000021 /* BlockScreen.swift in Sources */ = {isa = PBXBuildFile; fileRef = 50C1A1AC0000000000000020 /* BlockScreen.swift */; };
		50C1A1AC0000000000000031 /* ScreenTimeManager.swift in Sources */ = {isa = PBXBuildFile; fileRef = 50C1A1AC0000000000000030 /* ScreenTimeManager.swift */; };
		50C1A1AC0000000000000041 /* LegalContent.swift in Sources */ = {isa = PBXBuildFile; fileRef = 50C1A1AC0000000000000040 /* LegalContent.swift */; };
		50C1A1AC0000000000000051 /* LegalScreen.swift in Sources */ = {isa = PBXBuildFile; fileRef = 50C1A1AC0000000000000050 /* LegalScreen.swift */; };
		50C1A1AC0000000000000061 /* AppearanceStore.swift in Sources */ = {isa = PBXBuildFile; fileRef = 50C1A1AC0000000000000060 /* AppearanceStore.swift */; };
		50C1A1AC0000000000000071 /* StrictModeStore.swift in Sources */ = {isa = PBXBuildFile; fileRef = 50C1A1AC0000000000000070 /* StrictModeStore.swift */; };
		50C1A1AC0000000000000103 /* BlockCatalog.swift in Sources */ = {isa = PBXBuildFile; fileRef = 50C1A1AC0000000000000102 /* BlockCatalog.swift */; };
		50C1A1AC0000000000000105 /* BlockSelectionStore.swift in Sources */ = {isa = PBXBuildFile; fileRef = 50C1A1AC0000000000000104 /* BlockSelectionStore.swift */; };
		50C1A1AC0000000000000107 /* RuleRegistry.swift in Sources */ = {isa = PBXBuildFile; fileRef = 50C1A1AC0000000000000106 /* RuleRegistry.swift */; };
		50C1A1AC0000000000000109 /* FriendControlStore.swift in Sources */ = {isa = PBXBuildFile; fileRef = 50C1A1AC0000000000000108 /* FriendControlStore.swift */; };
		50C1A1AC000000000000010B /* FriendControlScreen.swift in Sources */ = {isa = PBXBuildFile; fileRef = 50C1A1AC000000000000010A /* FriendControlScreen.swift */; };
		50C1A1AC0000000000000113 /* AuthOptionsView.swift in Sources */ = {isa = PBXBuildFile; fileRef = 50C1A1AC0000000000000112 /* AuthOptionsView.swift */; };
		50C1A1AC0000000000000081 /* StrictModeShieldController.swift in Sources */ = {isa = PBXBuildFile; fileRef = 50C1A1AC0000000000000080 /* StrictModeShieldController.swift */; };
		50C1A1AC0000000000000091 /* StrictModeActivityScheduler.swift in Sources */ = {isa = PBXBuildFile; fileRef = 50C1A1AC0000000000000090 /* StrictModeActivityScheduler.swift */; };
		50C1A1AC00000000000000A1 /* HealthManager.swift in Sources */ = {isa = PBXBuildFile; fileRef = 50C1A1AC00000000000000A0 /* HealthManager.swift */; };
		50C1A1AC00000000000000B1 /* AutoModeEngine.swift in Sources */ = {isa = PBXBuildFile; fileRef = 50C1A1AC00000000000000B0 /* AutoModeEngine.swift */; };
		50C1A1AC00000000000000C1 /* ShieldController.swift in Sources */ = {isa = PBXBuildFile; fileRef = 50C1A1AC00000000000000C0 /* ShieldController.swift */; };
		50C1A1AC00000000000000D1 /* StrictModeSetupScreen.swift in Sources */ = {isa = PBXBuildFile; fileRef = 50C1A1AC00000000000000D0 /* StrictModeSetupScreen.swift */; };
		50C1A1AC00000000000000E1 /* SplashView.swift in Sources */ = {isa = PBXBuildFile; fileRef = 50C1A1AC00000000000000E0 /* SplashView.swift */; };
		55B0C1B5A6CF3AA8C6AEF432 /* AppOptionArcs.swift in Sources */ = {isa = PBXBuildFile; fileRef = 04B4EC3C0F908E65D671403F /* AppOptionArcs.swift */; };
		55B9C498EF03C4B9380E9BA0 /* AppStore.swift in Sources */ = {isa = PBXBuildFile; fileRef = 5E46F6CBC4504443A3E050DE /* AppStore.swift */; };
		63985968494496186AAAAE97 /* SocialMediaIcon.swift in Sources */ = {isa = PBXBuildFile; fileRef = 221C01C91E8FC62806530668 /* SocialMediaIcon.swift */; };
		63FA599ABB0F0D47230364C1 /* RinklerButton.swift in Sources */ = {isa = PBXBuildFile; fileRef = 884244700EF00F59FE7F49D1 /* RinklerButton.swift */; };
		6AB0C375DDD14ACE8678338E /* SupabaseAuthClient.swift in Sources */ = {isa = PBXBuildFile; fileRef = E3EF496D1E6382443B39705A /* SupabaseAuthClient.swift */; };
		6B2C4D5E6F708192A3B4C5D6 /* TrafficDashboardView.swift in Sources */ = {isa = PBXBuildFile; fileRef = 9D3E5F60718293A4B5C6D7E8 /* TrafficDashboardView.swift */; };
		6C3D5E6F708192A3B4C5D6E7 /* TrafficMonitor.swift in Sources */ = {isa = PBXBuildFile; fileRef = 9E4F60718293A4B5C6D7E8F9 /* TrafficMonitor.swift */; };
		6C7C6CFB4CD7288B0D1F0A69 /* BlockingOptionsScreen.swift in Sources */ = {isa = PBXBuildFile; fileRef = 7EB2E25C599188EFFAA656AA /* BlockingOptionsScreen.swift */; };
		6D4E6F708192A3B4C5D6E7F8 /* TrafficStats.swift in Sources */ = {isa = PBXBuildFile; fileRef = 9F50718293A4B5C6D7E8F901 /* TrafficStats.swift */; };
		6D7E8F90123456789ABCDEF0 /* TrafficSyncService.swift in Sources */ = {isa = PBXBuildFile; fileRef = 9F8E7D6C5B4A392817160504 /* TrafficSyncService.swift */; };
		6E5F708192A3B4C5D6E7F809 /* VPNManager.swift in Sources */ = {isa = PBXBuildFile; fileRef = A0618293A4B5C6D7E8F90123 /* VPNManager.swift */; };
		7187CAA7759A0FB102770E7D /* SVGView.swift in Sources */ = {isa = PBXBuildFile; fileRef = 11372BC005F536F03A206A0C /* SVGView.swift */; };
		7ACC24B7F11F3FEB7E430EFF /* MagicSignInScreen.swift in Sources */ = {isa = PBXBuildFile; fileRef = 6E171A52D23611FA571259FA /* MagicSignInScreen.swift */; };
		8050EE548DB56DDCA4FB2A2A /* background.png in Resources */ = {isa = PBXBuildFile; fileRef = EFBD2984D0510752BD1D03BD /* background.png */; };
		88E96BE752A5DBCDD02D793B /* RinklerColors.swift in Sources */ = {isa = PBXBuildFile; fileRef = 74330F9AFC4182AB67F02F83 /* RinklerColors.swift */; };
		50C1A1AC00000000000000F1 /* RinklerUI.swift in Sources */ = {isa = PBXBuildFile; fileRef = 50C1A1AC00000000000000F0 /* RinklerUI.swift */; };
		50C1A1AC0000000000000111 /* RinklerLogo.swift in Sources */ = {isa = PBXBuildFile; fileRef = 50C1A1AC0000000000000110 /* RinklerLogo.swift */; };
		8CC77FCD2AFCCE05480781D9 /* icon_rect.png in Resources */ = {isa = PBXBuildFile; fileRef = 6A14727AF55B2D6A666F3D1B /* icon_rect.png */; };
		8F0D57C9A6E3045BBE001928 /* AppOptionsService.swift in Sources */ = {isa = PBXBuildFile; fileRef = 3A500B91AAD8FCE188E83A9D /* AppOptionsService.swift */; };
		9549542D2E57B4C55511D581 /* BackArrowView.swift in Sources */ = {isa = PBXBuildFile; fileRef = 28E7DF720D3EB9EAC56B49CB /* BackArrowView.swift */; };
		96E5C7ABCADDD122544A7882 /* GridPositionStore.swift in Sources */ = {isa = PBXBuildFile; fileRef = F96DCEEE446F160532470E8D /* GridPositionStore.swift */; };
		98CE2E34082CA58764807157 /* MagicSignInService.swift in Sources */ = {isa = PBXBuildFile; fileRef = 9D9EE6D24AD0B696F8DCB904 /* MagicSignInService.swift */; };
		9DEA878857BBF38484E29279 /* CodeVerificationScreen.swift in Sources */ = {isa = PBXBuildFile; fileRef = 2ADB6187B6C76458B5AF5BB8 /* CodeVerificationScreen.swift */; };
		9FB50AF4C11375E57288493D /* instagram.svg in Resources */ = {isa = PBXBuildFile; fileRef = C8F7AEAFA028F049E6650638 /* instagram.svg */; };
		A1F0C0DE0000000000000101 /* FocusSessionFlow.swift in Sources */ = {isa = PBXBuildFile; fileRef = A1F0C0DE0000000000000201 /* FocusSessionFlow.swift */; };
		A1F0C0DE0000000000000102 /* FocusSessionStore.swift in Sources */ = {isa = PBXBuildFile; fileRef = A1F0C0DE0000000000000202 /* FocusSessionStore.swift */; };
		A1F0C0DE0000000000000103 /* CommitmentMode.swift in Sources */ = {isa = PBXBuildFile; fileRef = A1F0C0DE0000000000000203 /* CommitmentMode.swift */; };
		A1F0C0DE0000000000000105 /* Onboarding.swift in Sources */ = {isa = PBXBuildFile; fileRef = A1F0C0DE0000000000000205 /* Onboarding.swift */; };
		A1F0C0DE0000000000000106 /* MainTabs.swift in Sources */ = {isa = PBXBuildFile; fileRef = A1F0C0DE0000000000000206 /* MainTabs.swift */; };
		A1F0C0DE0000000000000F01 /* Geist-Regular.ttf in Resources */ = {isa = PBXBuildFile; fileRef = A1F0C0DE0000000000000F11 /* Geist-Regular.ttf */; };
		A1F0C0DE0000000000000F02 /* Geist-Medium.ttf in Resources */ = {isa = PBXBuildFile; fileRef = A1F0C0DE0000000000000F12 /* Geist-Medium.ttf */; };
		A1F0C0DE0000000000000F03 /* Geist-SemiBold.ttf in Resources */ = {isa = PBXBuildFile; fileRef = A1F0C0DE0000000000000F13 /* Geist-SemiBold.ttf */; };
		A1F0C0DE0000000000000F04 /* Geist-Bold.ttf in Resources */ = {isa = PBXBuildFile; fileRef = A1F0C0DE0000000000000F14 /* Geist-Bold.ttf */; };
		A1F0C0DE0000000000000F05 /* GeistMono-Regular.ttf in Resources */ = {isa = PBXBuildFile; fileRef = A1F0C0DE0000000000000F15 /* GeistMono-Regular.ttf */; };
		A1F0C0DE0000000000000F06 /* GeistMono-Medium.ttf in Resources */ = {isa = PBXBuildFile; fileRef = A1F0C0DE0000000000000F16 /* GeistMono-Medium.ttf */; };
		A382BF14BA5A5938A5D0B0E2 /* Assets.xcassets in Resources */ = {isa = PBXBuildFile; fileRef = 8240EBF328085BD8C6215C5B /* Assets.xcassets */; };
		A4F54B5F314F2FF8E40B46D2 /* clouds.png in Resources */ = {isa = PBXBuildFile; fileRef = 5F112CC7035E04A18029EC82 /* clouds.png */; };
		ACA43E523546E460FF425CF2 /* HeaderBar.swift in Sources */ = {isa = PBXBuildFile; fileRef = AEA7879AE04880FB01A49C3C /* HeaderBar.swift */; };
		B2D940F3D19D696D7AFFBB1F /* clouds_continous.png in Resources */ = {isa = PBXBuildFile; fileRef = 54C6C8C64B29A95223064A2A /* clouds_continous.png */; };
		B63F3A7EE3787197C19D9D8A /* Coolvetica Rg It.otf in Resources */ = {isa = PBXBuildFile; fileRef = B033FC1D06B6F626D38BA842 /* Coolvetica Rg It.otf */; };
		B6B171FEBB0DB8C0233D540D /* DialSelector.swift in Sources */ = {isa = PBXBuildFile; fileRef = 9DE9069ED02F96B6B3BF4062 /* DialSelector.swift */; };
		B7F4E889C0C9CF5017891111 /* AppIconCircle.swift in Sources */ = {isa = PBXBuildFile; fileRef = 8A1AF9CB0269E85989CE0DC6 /* AppIconCircle.swift */; };
		C3E37E71922E29CA38A09A4B /* HexGridOverlay.swift in Sources */ = {isa = PBXBuildFile; fileRef = 10B73DFB24FA4518541EBD14 /* HexGridOverlay.swift */; };
		DA022CE2410220BBEB0EFC55 /* SkyBackgroundView.swift in Sources */ = {isa = PBXBuildFile; fileRef = 2F1CE437AADFB2D399B4E4CD /* SkyBackgroundView.swift */; };
		EE5AF52C3094005B17EF5118 /* HexGridLayoutManager.swift in Sources */ = {isa = PBXBuildFile; fileRef = 3288B67D55E1FF065382E8E9 /* HexGridLayoutManager.swift */; };
		EFEC044BD16A58AABFD1B820 /* app_options.json in Resources */ = {isa = PBXBuildFile; fileRef = ADF713ED6242175766746424 /* app_options.json */; };
		F4B56F9A3A941A0C2EBDADE7 /* AuthStore.swift in Sources */ = {isa = PBXBuildFile; fileRef = 931B0AF1A32A039B27B089E5 /* AuthStore.swift */; };
		F7CE98EF49A4DE02A3635406 /* Coolvetica Rg.otf in Resources */ = {isa = PBXBuildFile; fileRef = E061A1FE54985A17E5E84E2E /* Coolvetica Rg.otf */; };
/* End PBXBuildFile section */

/* Begin PBXContainerItemProxy section */
		102A00000000000000000013 /* PBXContainerItemProxy */ = {
			isa = PBXContainerItemProxy;
			containerPortal = B741CA0B5636C16D2FF1843B /* Project object */;
			proxyType = 1;
			remoteGlobalIDString = 102A00000000000000000014;
			remoteInfo = RinklerTunnel;
		};
/* End PBXContainerItemProxy section */

/* Begin PBXCopyFilesBuildPhase section */
		102A00000000000000000015 /* Embed App Extensions */ = {
			isa = PBXCopyFilesBuildPhase;
			buildActionMask = 2147483647;
			dstPath = "";
			dstSubfolderSpec = 13;
			files = (
				102A00000000000000000001 /* RinklerTunnel.appex in Embed App Extensions */,
			);
			name = "Embed App Extensions";
			runOnlyForDeploymentPostprocessing = 0;
		};
/* End PBXCopyFilesBuildPhase section */

/* Begin PBXFileReference section */
		04B4EC3C0F908E65D671403F /* AppOptionArcs.swift */ = {isa = PBXFileReference; lastKnownFileType = sourcecode.swift; path = AppOptionArcs.swift; sourceTree = "<group>"; };
		04C4502521522E3E2BE93F73 /* AppCluster.swift */ = {isa = PBXFileReference; lastKnownFileType = sourcecode.swift; path = AppCluster.swift; sourceTree = "<group>"; };
		102A00000000000000000002 /* RinklerTunnel.appex */ = {isa = PBXFileReference; explicitFileType = "wrapper.app-extension"; includeInIndex = 0; path = RinklerTunnel.appex; sourceTree = BUILT_PRODUCTS_DIR; };
		102A00000000000000000004 /* PacketTunnelProvider.swift */ = {isa = PBXFileReference; lastKnownFileType = sourcecode.swift; path = PacketTunnelProvider.swift; sourceTree = "<group>"; };
		102A00000000000000000006 /* ReelsBlockFilter.swift */ = {isa = PBXFileReference; lastKnownFileType = sourcecode.swift; path = ReelsBlockFilter.swift; sourceTree = "<group>"; };
		102A00000000000000000008 /* SOCKSProxyServer.swift */ = {isa = PBXFileReference; lastKnownFileType = sourcecode.swift; path = SOCKSProxyServer.swift; sourceTree = "<group>"; };
		102A0000000000000000000A /* TrafficStats.swift */ = {isa = PBXFileReference; lastKnownFileType = sourcecode.swift; path = TrafficStats.swift; sourceTree = "<group>"; };
		102A0000000000000000000C /* TunnelLogger.swift */ = {isa = PBXFileReference; lastKnownFileType = sourcecode.swift; path = TunnelLogger.swift; sourceTree = "<group>"; };
		102A0000000000000000000E /* RinklerConstants.swift */ = {isa = PBXFileReference; lastKnownFileType = sourcecode.swift; path = RinklerConstants.swift; sourceTree = "<group>"; };
		102A00000000000000000012 /* NetworkExtension.framework */ = {isa = PBXFileReference; lastKnownFileType = wrapper.framework; name = NetworkExtension.framework; path = System/Library/Frameworks/NetworkExtension.framework; sourceTree = SDKROOT; };
		102A00000000000000000016 /* Info.plist */ = {isa = PBXFileReference; lastKnownFileType = text.plist; path = Info.plist; sourceTree = "<group>"; };
		102A00000000000000000017 /* RinklerTunnel.entitlements */ = {isa = PBXFileReference; lastKnownFileType = text.plist.entitlements; path = RinklerTunnel.entitlements; sourceTree = "<group>"; };
		102A00000000000000000023 /* TunnelLogReader.swift */ = {isa = PBXFileReference; lastKnownFileType = sourcecode.swift; path = TunnelLogReader.swift; sourceTree = "<group>"; };
		102A00000000000000000025 /* Security.framework */ = {isa = PBXFileReference; lastKnownFileType = wrapper.framework; name = Security.framework; path = System/Library/Frameworks/Security.framework; sourceTree = SDKROOT; };
		102A00000000000000000027 /* PrivacyInfo.xcprivacy */ = {isa = PBXFileReference; lastKnownFileType = text.xml; path = PrivacyInfo.xcprivacy; sourceTree = "<group>"; };
		102A00000000000000000029 /* PrivacyInfo.xcprivacy */ = {isa = PBXFileReference; lastKnownFileType = text.xml; path = PrivacyInfo.xcprivacy; sourceTree = "<group>"; };
		102A000000000000000000A2 /* TrackedIPStore.swift */ = {isa = PBXFileReference; lastKnownFileType = sourcecode.swift; path = TrackedIPStore.swift; sourceTree = "<group>"; };
		102A000000000000000000A4 /* ScheduleStore.swift */ = {isa = PBXFileReference; lastKnownFileType = sourcecode.swift; path = ScheduleStore.swift; sourceTree = "<group>"; };
		106E25D023D63E8571E5D893 /* Info.plist */ = {isa = PBXFileReference; lastKnownFileType = text.plist; path = Info.plist; sourceTree = "<group>"; };
		10B73DFB24FA4518541EBD14 /* HexGridOverlay.swift */ = {isa = PBXFileReference; lastKnownFileType = sourcecode.swift; path = HexGridOverlay.swift; sourceTree = "<group>"; };
		11372BC005F536F03A206A0C /* SVGView.swift */ = {isa = PBXFileReference; lastKnownFileType = sourcecode.swift; path = SVGView.swift; sourceTree = "<group>"; };
		1DECDACBEC0EF265C1407E1A /* LandingPage.swift */ = {isa = PBXFileReference; lastKnownFileType = sourcecode.swift; path = LandingPage.swift; sourceTree = "<group>"; };
		221C01C91E8FC62806530668 /* SocialMediaIcon.swift */ = {isa = PBXFileReference; lastKnownFileType = sourcecode.swift; path = SocialMediaIcon.swift; sourceTree = "<group>"; };
		2657A23991F8E73241EC8D2A /* RinklerSpacing.swift */ = {isa = PBXFileReference; lastKnownFileType = sourcecode.swift; path = RinklerSpacing.swift; sourceTree = "<group>"; };
		28E7DF720D3EB9EAC56B49CB /* BackArrowView.swift */ = {isa = PBXFileReference; lastKnownFileType = sourcecode.swift; path = BackArrowView.swift; sourceTree = "<group>"; };
		2ADB6187B6C76458B5AF5BB8 /* CodeVerificationScreen.swift */ = {isa = PBXFileReference; lastKnownFileType = sourcecode.swift; path = CodeVerificationScreen.swift; sourceTree = "<group>"; };
		2F1CE437AADFB2D399B4E4CD /* SkyBackgroundView.swift */ = {isa = PBXFileReference; lastKnownFileType = sourcecode.swift; path = SkyBackgroundView.swift; sourceTree = "<group>"; };
		3288B67D55E1FF065382E8E9 /* HexGridLayoutManager.swift */ = {isa = PBXFileReference; lastKnownFileType = sourcecode.swift; path = HexGridLayoutManager.swift; sourceTree = "<group>"; };
		3A500B91AAD8FCE188E83A9D /* AppOptionsService.swift */ = {isa = PBXFileReference; lastKnownFileType = sourcecode.swift; path = AppOptionsService.swift; sourceTree = "<group>"; };
		4F5A0931BEF4F3F4B1BF8741 /* Route.swift */ = {isa = PBXFileReference; lastKnownFileType = sourcecode.swift; path = Route.swift; sourceTree = "<group>"; };
		4FCEA58022A4F0F927779C3E /* settings.local.json */ = {isa = PBXFileReference; lastKnownFileType = text.json; path = settings.local.json; sourceTree = "<group>"; };
		50C1A1AC0000000000000001 /* SocialAuthService.swift */ = {isa = PBXFileReference; lastKnownFileType = sourcecode.swift; path = SocialAuthService.swift; sourceTree = "<group>"; };
		50C1A1AC0000000000000010 /* SignalBackground.swift */ = {isa = PBXFileReference; lastKnownFileType = sourcecode.swift; path = SignalBackground.swift; sourceTree = "<group>"; };
		50C1A1AC0000000000000020 /* BlockScreen.swift */ = {isa = PBXFileReference; lastKnownFileType = sourcecode.swift; path = BlockScreen.swift; sourceTree = "<group>"; };
		50C1A1AC0000000000000030 /* ScreenTimeManager.swift */ = {isa = PBXFileReference; lastKnownFileType = sourcecode.swift; path = ScreenTimeManager.swift; sourceTree = "<group>"; };
		50C1A1AC0000000000000040 /* LegalContent.swift */ = {isa = PBXFileReference; lastKnownFileType = sourcecode.swift; path = LegalContent.swift; sourceTree = "<group>"; };
		50C1A1AC0000000000000050 /* LegalScreen.swift */ = {isa = PBXFileReference; lastKnownFileType = sourcecode.swift; path = LegalScreen.swift; sourceTree = "<group>"; };
		50C1A1AC0000000000000060 /* AppearanceStore.swift */ = {isa = PBXFileReference; lastKnownFileType = sourcecode.swift; path = AppearanceStore.swift; sourceTree = "<group>"; };
		50C1A1AC0000000000000070 /* StrictModeStore.swift */ = {isa = PBXFileReference; lastKnownFileType = sourcecode.swift; path = StrictModeStore.swift; sourceTree = "<group>"; };
		50C1A1AC0000000000000102 /* BlockCatalog.swift */ = {isa = PBXFileReference; lastKnownFileType = sourcecode.swift; path = BlockCatalog.swift; sourceTree = "<group>"; };
		50C1A1AC0000000000000104 /* BlockSelectionStore.swift */ = {isa = PBXFileReference; lastKnownFileType = sourcecode.swift; path = BlockSelectionStore.swift; sourceTree = "<group>"; };
		50C1A1AC0000000000000106 /* RuleRegistry.swift */ = {isa = PBXFileReference; lastKnownFileType = sourcecode.swift; path = RuleRegistry.swift; sourceTree = "<group>"; };
		50C1A1AC0000000000000108 /* FriendControlStore.swift */ = {isa = PBXFileReference; lastKnownFileType = sourcecode.swift; path = FriendControlStore.swift; sourceTree = "<group>"; };
		50C1A1AC000000000000010A /* FriendControlScreen.swift */ = {isa = PBXFileReference; lastKnownFileType = sourcecode.swift; path = FriendControlScreen.swift; sourceTree = "<group>"; };
		50C1A1AC0000000000000112 /* AuthOptionsView.swift */ = {isa = PBXFileReference; lastKnownFileType = sourcecode.swift; path = AuthOptionsView.swift; sourceTree = "<group>"; };
		50C1A1AC0000000000000080 /* StrictModeShieldController.swift */ = {isa = PBXFileReference; lastKnownFileType = sourcecode.swift; path = StrictModeShieldController.swift; sourceTree = "<group>"; };
		50C1A1AC0000000000000090 /* StrictModeActivityScheduler.swift */ = {isa = PBXFileReference; lastKnownFileType = sourcecode.swift; path = StrictModeActivityScheduler.swift; sourceTree = "<group>"; };
		50C1A1AC00000000000000A0 /* HealthManager.swift */ = {isa = PBXFileReference; lastKnownFileType = sourcecode.swift; path = HealthManager.swift; sourceTree = "<group>"; };
		50C1A1AC00000000000000B0 /* AutoModeEngine.swift */ = {isa = PBXFileReference; lastKnownFileType = sourcecode.swift; path = AutoModeEngine.swift; sourceTree = "<group>"; };
		50C1A1AC00000000000000C0 /* ShieldController.swift */ = {isa = PBXFileReference; lastKnownFileType = sourcecode.swift; path = ShieldController.swift; sourceTree = "<group>"; };
		50C1A1AC00000000000000D0 /* StrictModeSetupScreen.swift */ = {isa = PBXFileReference; lastKnownFileType = sourcecode.swift; path = StrictModeSetupScreen.swift; sourceTree = "<group>"; };
		50C1A1AC00000000000000E0 /* SplashView.swift */ = {isa = PBXFileReference; lastKnownFileType = sourcecode.swift; path = SplashView.swift; sourceTree = "<group>"; };
		51B12D2A976C53EEB139FC50 /* RinklerApp.swift */ = {isa = PBXFileReference; lastKnownFileType = sourcecode.swift; path = RinklerApp.swift; sourceTree = "<group>"; };
		54C6C8C64B29A95223064A2A /* clouds_continous.png */ = {isa = PBXFileReference; lastKnownFileType = image.png; path = clouds_continous.png; sourceTree = "<group>"; };
		5E46F6CBC4504443A3E050DE /* AppStore.swift */ = {isa = PBXFileReference; lastKnownFileType = sourcecode.swift; path = AppStore.swift; sourceTree = "<group>"; };
		5F0388BBA774E17DCA5497C6 /* RinklerFonts.swift */ = {isa = PBXFileReference; lastKnownFileType = sourcecode.swift; path = RinklerFonts.swift; sourceTree = "<group>"; };
		5F112CC7035E04A18029EC82 /* clouds.png */ = {isa = PBXFileReference; lastKnownFileType = image.png; path = clouds.png; sourceTree = "<group>"; };
		64DB7E7C0A427B4897386603 /* BlockedApp.swift */ = {isa = PBXFileReference; lastKnownFileType = sourcecode.swift; path = BlockedApp.swift; sourceTree = "<group>"; };
		6861881C70CB1784E39EE930 /* .env */ = {isa = PBXFileReference; lastKnownFileType = text; path = .env; sourceTree = "<group>"; };
		6A14727AF55B2D6A666F3D1B /* icon_rect.png */ = {isa = PBXFileReference; lastKnownFileType = image.png; path = icon_rect.png; sourceTree = "<group>"; };
		6E171A52D23611FA571259FA /* MagicSignInScreen.swift */ = {isa = PBXFileReference; lastKnownFileType = sourcecode.swift; path = MagicSignInScreen.swift; sourceTree = "<group>"; };
		74330F9AFC4182AB67F02F83 /* RinklerColors.swift */ = {isa = PBXFileReference; lastKnownFileType = sourcecode.swift; path = RinklerColors.swift; sourceTree = "<group>"; };
		50C1A1AC00000000000000F0 /* RinklerUI.swift */ = {isa = PBXFileReference; lastKnownFileType = sourcecode.swift; path = RinklerUI.swift; sourceTree = "<group>"; };
		50C1A1AC0000000000000110 /* RinklerLogo.swift */ = {isa = PBXFileReference; lastKnownFileType = sourcecode.swift; path = RinklerLogo.swift; sourceTree = "<group>"; };
		7EB2E25C599188EFFAA656AA /* BlockingOptionsScreen.swift */ = {isa = PBXFileReference; lastKnownFileType = sourcecode.swift; path = BlockingOptionsScreen.swift; sourceTree = "<group>"; };
		8240EBF328085BD8C6215C5B /* Assets.xcassets */ = {isa = PBXFileReference; lastKnownFileType = folder.assetcatalog; path = Assets.xcassets; sourceTree = "<group>"; };
		884244700EF00F59FE7F49D1 /* RinklerButton.swift */ = {isa = PBXFileReference; lastKnownFileType = sourcecode.swift; path = RinklerButton.swift; sourceTree = "<group>"; };
		8A1AF9CB0269E85989CE0DC6 /* AppIconCircle.swift */ = {isa = PBXFileReference; lastKnownFileType = sourcecode.swift; path = AppIconCircle.swift; sourceTree = "<group>"; };
		91196A152CB612FF5D9144D3 /* Secrets.xcconfig */ = {isa = PBXFileReference; lastKnownFileType = text.xcconfig; path = Secrets.xcconfig; sourceTree = "<group>"; };
		931B0AF1A32A039B27B089E5 /* AuthStore.swift */ = {isa = PBXFileReference; lastKnownFileType = sourcecode.swift; path = AuthStore.swift; sourceTree = "<group>"; };
		9432F97BCE16A023A0A8E1EC /* HexCoordinate.swift */ = {isa = PBXFileReference; lastKnownFileType = sourcecode.swift; path = HexCoordinate.swift; sourceTree = "<group>"; };
		97236875B7F5FA2B9FE201A3 /* HomeScreen.swift */ = {isa = PBXFileReference; lastKnownFileType = sourcecode.swift; path = HomeScreen.swift; sourceTree = "<group>"; };
		9A1B3C4D5E6F708192A3B4C5 /* RinklerConstants.swift */ = {isa = PBXFileReference; lastKnownFileType = sourcecode.swift; path = RinklerConstants.swift; sourceTree = "<group>"; };
		9B1C3D4E5F60718293A4B5C6 /* DomainThresholdsStore.swift */ = {isa = PBXFileReference; lastKnownFileType = sourcecode.swift; path = DomainThresholdsStore.swift; sourceTree = "<group>"; };
		9C2D4E5F60718293A4B5C6D7 /* SettingsScreen.swift */ = {isa = PBXFileReference; lastKnownFileType = sourcecode.swift; path = SettingsScreen.swift; sourceTree = "<group>"; };
		9D3E5F60718293A4B5C6D7E8 /* TrafficDashboardView.swift */ = {isa = PBXFileReference; lastKnownFileType = sourcecode.swift; path = TrafficDashboardView.swift; sourceTree = "<group>"; };
		9D9EE6D24AD0B696F8DCB904 /* MagicSignInService.swift */ = {isa = PBXFileReference; lastKnownFileType = sourcecode.swift; path = MagicSignInService.swift; sourceTree = "<group>"; };
		9DE9069ED02F96B6B3BF4062 /* DialSelector.swift */ = {isa = PBXFileReference; lastKnownFileType = sourcecode.swift; path = DialSelector.swift; sourceTree = "<group>"; };
		9E4F60718293A4B5C6D7E8F9 /* TrafficMonitor.swift */ = {isa = PBXFileReference; lastKnownFileType = sourcecode.swift; path = TrafficMonitor.swift; sourceTree = "<group>"; };
		9F50718293A4B5C6D7E8F901 /* TrafficStats.swift */ = {isa = PBXFileReference; lastKnownFileType = sourcecode.swift; path = TrafficStats.swift; sourceTree = "<group>"; };
		9F8E7D6C5B4A392817160504 /* TrafficSyncService.swift */ = {isa = PBXFileReference; lastKnownFileType = sourcecode.swift; path = TrafficSyncService.swift; sourceTree = "<group>"; };
		A0618293A4B5C6D7E8F90123 /* VPNManager.swift */ = {isa = PBXFileReference; lastKnownFileType = sourcecode.swift; path = VPNManager.swift; sourceTree = "<group>"; };
		A1F0C0DE0000000000000201 /* FocusSessionFlow.swift */ = {isa = PBXFileReference; lastKnownFileType = sourcecode.swift; path = FocusSessionFlow.swift; sourceTree = "<group>"; };
		A1F0C0DE0000000000000202 /* FocusSessionStore.swift */ = {isa = PBXFileReference; lastKnownFileType = sourcecode.swift; path = FocusSessionStore.swift; sourceTree = "<group>"; };
		A1F0C0DE0000000000000203 /* CommitmentMode.swift */ = {isa = PBXFileReference; lastKnownFileType = sourcecode.swift; path = CommitmentMode.swift; sourceTree = "<group>"; };
		A1F0C0DE0000000000000205 /* Onboarding.swift */ = {isa = PBXFileReference; lastKnownFileType = sourcecode.swift; path = Onboarding.swift; sourceTree = "<group>"; };
		A1F0C0DE0000000000000206 /* MainTabs.swift */ = {isa = PBXFileReference; lastKnownFileType = sourcecode.swift; path = MainTabs.swift; sourceTree = "<group>"; };
		A1F0C0DE0000000000000F11 /* Geist-Regular.ttf */ = {isa = PBXFileReference; lastKnownFileType = file; path = "Geist-Regular.ttf"; sourceTree = "<group>"; };
		A1F0C0DE0000000000000F12 /* Geist-Medium.ttf */ = {isa = PBXFileReference; lastKnownFileType = file; path = "Geist-Medium.ttf"; sourceTree = "<group>"; };
		A1F0C0DE0000000000000F13 /* Geist-SemiBold.ttf */ = {isa = PBXFileReference; lastKnownFileType = file; path = "Geist-SemiBold.ttf"; sourceTree = "<group>"; };
		A1F0C0DE0000000000000F14 /* Geist-Bold.ttf */ = {isa = PBXFileReference; lastKnownFileType = file; path = "Geist-Bold.ttf"; sourceTree = "<group>"; };
		A1F0C0DE0000000000000F15 /* GeistMono-Regular.ttf */ = {isa = PBXFileReference; lastKnownFileType = file; path = "GeistMono-Regular.ttf"; sourceTree = "<group>"; };
		A1F0C0DE0000000000000F16 /* GeistMono-Medium.ttf */ = {isa = PBXFileReference; lastKnownFileType = file; path = "GeistMono-Medium.ttf"; sourceTree = "<group>"; };
		A30EEB2AB48FAE0B765F046C /* SVGCache.swift */ = {isa = PBXFileReference; lastKnownFileType = sourcecode.swift; path = SVGCache.swift; sourceTree = "<group>"; };
		A3FA39A10AAC758E79448541 /* SK Pupok Solid 400.ttf */ = {isa = PBXFileReference; lastKnownFileType = file; path = "SK Pupok Solid 400.ttf"; sourceTree = "<group>"; };
		ADF713ED6242175766746424 /* app_options.json */ = {isa = PBXFileReference; lastKnownFileType = text.json; path = app_options.json; sourceTree = "<group>"; };
		AEA7879AE04880FB01A49C3C /* HeaderBar.swift */ = {isa = PBXFileReference; lastKnownFileType = sourcecode.swift; path = HeaderBar.swift; sourceTree = "<group>"; };
		B033FC1D06B6F626D38BA842 /* Coolvetica Rg It.otf */ = {isa = PBXFileReference; lastKnownFileType = file; path = "Coolvetica Rg It.otf"; sourceTree = "<group>"; };
		BB94751122DA9ADC81F89EE3 /* Rinkler.app */ = {isa = PBXFileReference; explicitFileType = wrapper.application; includeInIndex = 0; path = Rinkler.app; sourceTree = BUILT_PRODUCTS_DIR; };
		C8F7AEAFA028F049E6650638 /* instagram.svg */ = {isa = PBXFileReference; lastKnownFileType = text; path = instagram.svg; sourceTree = "<group>"; };
		E061A1FE54985A17E5E84E2E /* Coolvetica Rg.otf */ = {isa = PBXFileReference; lastKnownFileType = file; path = "Coolvetica Rg.otf"; sourceTree = "<group>"; };
		E3EF496D1E6382443B39705A /* SupabaseAuthClient.swift */ = {isa = PBXFileReference; lastKnownFileType = sourcecode.swift; path = SupabaseAuthClient.swift; sourceTree = "<group>"; };
		EFBD2984D0510752BD1D03BD /* background.png */ = {isa = PBXFileReference; lastKnownFileType = image.png; path = background.png; sourceTree = "<group>"; };
		F0B814D56804DA2A853F0CC7 /* PageIndicator.swift */ = {isa = PBXFileReference; lastKnownFileType = sourcecode.swift; path = PageIndicator.swift; sourceTree = "<group>"; };
		F96DCEEE446F160532470E8D /* GridPositionStore.swift */ = {isa = PBXFileReference; lastKnownFileType = sourcecode.swift; path = GridPositionStore.swift; sourceTree = "<group>"; };
		FD7690CC40D5611A9C232A9E /* generate_app_icons.sh */ = {isa = PBXFileReference; lastKnownFileType = text.script.sh; path = generate_app_icons.sh; sourceTree = "<group>"; };
/* End PBXFileReference section */

/* Begin PBXFrameworksBuildPhase section */
		102A00000000000000000018 /* Frameworks */ = {
			isa = PBXFrameworksBuildPhase;
			buildActionMask = 2147483647;
			files = (
				102A00000000000000000011 /* NetworkExtension.framework in Frameworks */,
				102A0000000000000000000F /* Tun2SocksKit in Frameworks */,
			);
			runOnlyForDeploymentPostprocessing = 0;
		};
		AB99948DC644C5E05FC587CE /* Frameworks */ = {
			isa = PBXFrameworksBuildPhase;
			buildActionMask = 2147483647;
			files = (
				102A00000000000000000024 /* Security.framework in Frameworks */,
			);
			runOnlyForDeploymentPostprocessing = 0;
		};
/* End PBXFrameworksBuildPhase section */

/* Begin PBXGroup section */
		102A00000000000000000019 /* RinklerTunnel */ = {
			isa = PBXGroup;
			children = (
				102A0000000000000000000E /* RinklerConstants.swift */,
				102A00000000000000000016 /* Info.plist */,
				102A00000000000000000004 /* PacketTunnelProvider.swift */,
				102A00000000000000000027 /* PrivacyInfo.xcprivacy */,
				102A00000000000000000006 /* ReelsBlockFilter.swift */,
				102A00000000000000000017 /* RinklerTunnel.entitlements */,
				102A00000000000000000008 /* SOCKSProxyServer.swift */,
				102A0000000000000000000A /* TrafficStats.swift */,
				102A000000000000000000A2 /* TrackedIPStore.swift */,
				102A000000000000000000A4 /* ScheduleStore.swift */,
				102A0000000000000000000C /* TunnelLogger.swift */,
			);
			path = RinklerTunnel;
			sourceTree = "<group>";
		};
		102A0000000000000000001A /* Frameworks */ = {
			isa = PBXGroup;
			children = (
				102A00000000000000000012 /* NetworkExtension.framework */,
				102A00000000000000000025 /* Security.framework */,
			);
			name = Frameworks;
			sourceTree = "<group>";
		};
		1483554F60FA7FE0E51245E7 /* .claude */ = {
			isa = PBXGroup;
			children = (
				4FCEA58022A4F0F927779C3E /* settings.local.json */,
			);
			path = .claude;
			sourceTree = "<group>";
		};
		4FC7371D935DB1BCFB2838A6 /* Screens */ = {
			isa = PBXGroup;
			children = (
				7EB2E25C599188EFFAA656AA /* BlockingOptionsScreen.swift */,
				2ADB6187B6C76458B5AF5BB8 /* CodeVerificationScreen.swift */,
				A1F0C0DE0000000000000201 /* FocusSessionFlow.swift */,
				A1F0C0DE0000000000000203 /* CommitmentMode.swift */,
				50C1A1AC0000000000000020 /* BlockScreen.swift */,
				50C1A1AC0000000000000050 /* LegalScreen.swift */,
				50C1A1AC00000000000000D0 /* StrictModeSetupScreen.swift */,
				50C1A1AC00000000000000E0 /* SplashView.swift */,
				50C1A1AC000000000000010A /* FriendControlScreen.swift */,
				50C1A1AC0000000000000112 /* AuthOptionsView.swift */,
				A1F0C0DE0000000000000205 /* Onboarding.swift */,
				A1F0C0DE0000000000000206 /* MainTabs.swift */,
				97236875B7F5FA2B9FE201A3 /* HomeScreen.swift */,
				1DECDACBEC0EF265C1407E1A /* LandingPage.swift */,
				6E171A52D23611FA571259FA /* MagicSignInScreen.swift */,
				9C2D4E5F60718293A4B5C6D7 /* SettingsScreen.swift */,
				9D3E5F60718293A4B5C6D7E8 /* TrafficDashboardView.swift */,
			);
			path = Screens;
			sourceTree = "<group>";
		};
		51406CAC99AB2D457E23AE3A /* Fonts */ = {
			isa = PBXGroup;
			children = (
				B033FC1D06B6F626D38BA842 /* Coolvetica Rg It.otf */,
				E061A1FE54985A17E5E84E2E /* Coolvetica Rg.otf */,
				A3FA39A10AAC758E79448541 /* SK Pupok Solid 400.ttf */,
				A1F0C0DE0000000000000F11 /* Geist-Regular.ttf */,
				A1F0C0DE0000000000000F12 /* Geist-Medium.ttf */,
				A1F0C0DE0000000000000F13 /* Geist-SemiBold.ttf */,
				A1F0C0DE0000000000000F14 /* Geist-Bold.ttf */,
				A1F0C0DE0000000000000F15 /* GeistMono-Regular.ttf */,
				A1F0C0DE0000000000000F16 /* GeistMono-Medium.ttf */,
			);
			path = Fonts;
			sourceTree = "<group>";
		};
		62B9B96E3C62769CA4B70E8B /* Products */ = {
			isa = PBXGroup;
			children = (
				BB94751122DA9ADC81F89EE3 /* Rinkler.app */,
				102A00000000000000000002 /* RinklerTunnel.appex */,
			);
			name = Products;
			sourceTree = "<group>";
		};
		70BA4D2CF9660AA2287154F3 /* Models */ = {
			isa = PBXGroup;
			children = (
				3A500B91AAD8FCE188E83A9D /* AppOptionsService.swift */,
				5E46F6CBC4504443A3E050DE /* AppStore.swift */,
				50C1A1AC0000000000000030 /* ScreenTimeManager.swift */,
				50C1A1AC0000000000000040 /* LegalContent.swift */,
				50C1A1AC0000000000000060 /* AppearanceStore.swift */,
				50C1A1AC0000000000000070 /* StrictModeStore.swift */,
				50C1A1AC0000000000000102 /* BlockCatalog.swift */,
				50C1A1AC0000000000000104 /* BlockSelectionStore.swift */,
				50C1A1AC0000000000000106 /* RuleRegistry.swift */,
				50C1A1AC0000000000000108 /* FriendControlStore.swift */,
				50C1A1AC0000000000000080 /* StrictModeShieldController.swift */,
				50C1A1AC0000000000000090 /* StrictModeActivityScheduler.swift */,
				50C1A1AC00000000000000A0 /* HealthManager.swift */,
				50C1A1AC00000000000000B0 /* AutoModeEngine.swift */,
				50C1A1AC00000000000000C0 /* ShieldController.swift */,
				50C1A1AC0000000000000001 /* SocialAuthService.swift */,
				931B0AF1A32A039B27B089E5 /* AuthStore.swift */,
				64DB7E7C0A427B4897386603 /* BlockedApp.swift */,
				A1F0C0DE0000000000000202 /* FocusSessionStore.swift */,
				F96DCEEE446F160532470E8D /* GridPositionStore.swift */,
				9432F97BCE16A023A0A8E1EC /* HexCoordinate.swift */,
				3288B67D55E1FF065382E8E9 /* HexGridLayoutManager.swift */,
				9D9EE6D24AD0B696F8DCB904 /* MagicSignInService.swift */,
				4F5A0931BEF4F3F4B1BF8741 /* Route.swift */,
				E3EF496D1E6382443B39705A /* SupabaseAuthClient.swift */,
			);
			path = Models;
			sourceTree = "<group>";
		};
		81963D340B5EC930C5D33CC5 /* ios */ = {
			isa = PBXGroup;
			children = (
				91196A152CB612FF5D9144D3 /* Secrets.xcconfig */,
			);
			name = ios;
			path = .;
			sourceTree = "<group>";
		};
		842218BB42D46926DC9271FC /* Rinkler */ = {
			isa = PBXGroup;
			children = (
				6861881C70CB1784E39EE930 /* .env */,
				8240EBF328085BD8C6215C5B /* Assets.xcassets */,
				51B12D2A976C53EEB139FC50 /* RinklerApp.swift */,
				9A1B3C4D5E6F708192A3B4C5 /* RinklerConstants.swift */,
				9B1C3D4E5F60718293A4B5C6 /* DomainThresholdsStore.swift */,
				FD7690CC40D5611A9C232A9E /* generate_app_icons.sh */,
				106E25D023D63E8571E5D893 /* Info.plist */,
				9E4F60718293A4B5C6D7E8F9 /* TrafficMonitor.swift */,
				9F50718293A4B5C6D7E8F901 /* TrafficStats.swift */,
				9F8E7D6C5B4A392817160504 /* TrafficSyncService.swift */,
				102A00000000000000000023 /* TunnelLogReader.swift */,
				102A00000000000000000029 /* PrivacyInfo.xcprivacy */,
				A0618293A4B5C6D7E8F90123 /* VPNManager.swift */,
				1483554F60FA7FE0E51245E7 /* .claude */,
				DCECA00CFCFED8326D1C3563 /* Components */,
				70BA4D2CF9660AA2287154F3 /* Models */,
				F109C5B40FE6099CB3D07D7C /* Resources */,
				4FC7371D935DB1BCFB2838A6 /* Screens */,
				C40F7651F630D534D0F9281B /* Theme */,
				93889791F9B8D510CFA6D152 /* Widgets */,
			);
			path = Rinkler;
			sourceTree = "<group>";
		};
		93889791F9B8D510CFA6D152 /* Widgets */ = {
			isa = PBXGroup;
			children = (
				04C4502521522E3E2BE93F73 /* AppCluster.swift */,
				9DE9069ED02F96B6B3BF4062 /* DialSelector.swift */,
			);
			path = Widgets;
			sourceTree = "<group>";
		};
		B327284E55C5CB5F30B80CE8 = {
			isa = PBXGroup;
			children = (
				842218BB42D46926DC9271FC /* Rinkler */,
				102A00000000000000000019 /* RinklerTunnel */,
				102A0000000000000000001A /* Frameworks */,
				81963D340B5EC930C5D33CC5 /* ios */,
				62B9B96E3C62769CA4B70E8B /* Products */,
			);
			sourceTree = "<group>";
		};
		C40F7651F630D534D0F9281B /* Theme */ = {
			isa = PBXGroup;
			children = (
				74330F9AFC4182AB67F02F83 /* RinklerColors.swift */,
				50C1A1AC00000000000000F0 /* RinklerUI.swift */,
				50C1A1AC0000000000000110 /* RinklerLogo.swift */,
				5F0388BBA774E17DCA5497C6 /* RinklerFonts.swift */,
				2657A23991F8E73241EC8D2A /* RinklerSpacing.swift */,
			);
			path = Theme;
			sourceTree = "<group>";
		};
		DCECA00CFCFED8326D1C3563 /* Components */ = {
			isa = PBXGroup;
			children = (
				8A1AF9CB0269E85989CE0DC6 /* AppIconCircle.swift */,
				04B4EC3C0F908E65D671403F /* AppOptionArcs.swift */,
				28E7DF720D3EB9EAC56B49CB /* BackArrowView.swift */,
				884244700EF00F59FE7F49D1 /* RinklerButton.swift */,
				AEA7879AE04880FB01A49C3C /* HeaderBar.swift */,
				10B73DFB24FA4518541EBD14 /* HexGridOverlay.swift */,
				F0B814D56804DA2A853F0CC7 /* PageIndicator.swift */,
				2F1CE437AADFB2D399B4E4CD /* SkyBackgroundView.swift */,
				50C1A1AC0000000000000010 /* SignalBackground.swift */,
				221C01C91E8FC62806530668 /* SocialMediaIcon.swift */,
				A30EEB2AB48FAE0B765F046C /* SVGCache.swift */,
				11372BC005F536F03A206A0C /* SVGView.swift */,
			);
			path = Components;
			sourceTree = "<group>";
		};
		F109C5B40FE6099CB3D07D7C /* Resources */ = {
			isa = PBXGroup;
			children = (
				ADF713ED6242175766746424 /* app_options.json */,
				EFBD2984D0510752BD1D03BD /* background.png */,
				54C6C8C64B29A95223064A2A /* clouds_continous.png */,
				5F112CC7035E04A18029EC82 /* clouds.png */,
				6A14727AF55B2D6A666F3D1B /* icon_rect.png */,
				C8F7AEAFA028F049E6650638 /* instagram.svg */,
				51406CAC99AB2D457E23AE3A /* Fonts */,
			);
			path = Resources;
			sourceTree = "<group>";
		};
/* End PBXGroup section */

/* Begin PBXNativeTarget section */
		102A00000000000000000014 /* RinklerTunnel */ = {
			isa = PBXNativeTarget;
			buildConfigurationList = 102A0000000000000000001C /* Build configuration list for PBXNativeTarget "RinklerTunnel" */;
			buildPhases = (
				102A0000000000000000001D /* Sources */,
				102A00000000000000000018 /* Frameworks */,
				102A0000000000000000001E /* Resources */,
			);
			buildRules = (
			);
			dependencies = (
			);
			name = RinklerTunnel;
			packageProductDependencies = (
				102A00000000000000000010 /* Tun2SocksKit */,
			);
			productName = RinklerTunnel;
			productReference = 102A00000000000000000002 /* RinklerTunnel.appex */;
			productType = "com.apple.product-type.app-extension";
		};
		5F328EFB19593AB5BC7429F3 /* Rinkler */ = {
			isa = PBXNativeTarget;
			buildConfigurationList = 0237DBB2D309EB216C11208C /* Build configuration list for PBXNativeTarget "Rinkler" */;
			buildPhases = (
				BA386D7A56178599483A405D /* Sources */,
				7ED6C886919E610BC9322D6C /* Resources */,
				AB99948DC644C5E05FC587CE /* Frameworks */,
				102A00000000000000000015 /* Embed App Extensions */,
			);
			buildRules = (
			);
			dependencies = (
				102A0000000000000000001B /* PBXTargetDependency */,
			);
			name = Rinkler;
			packageProductDependencies = (
			);
			productName = Rinkler;
			productReference = BB94751122DA9ADC81F89EE3 /* Rinkler.app */;
			productType = "com.apple.product-type.application";
		};
/* End PBXNativeTarget section */

/* Begin PBXProject section */
		B741CA0B5636C16D2FF1843B /* Project object */ = {
			isa = PBXProject;
			attributes = {
				BuildIndependentTargetsInParallel = YES;
				LastUpgradeCheck = 1600;
				TargetAttributes = {
					102A00000000000000000014 = {
						DevelopmentTeam = "";
					};
					5F328EFB19593AB5BC7429F3 = {
						DevelopmentTeam = "";
					};
				};
			};
			buildConfigurationList = 33C029C5FC84866C2C76FCA2 /* Build configuration list for PBXProject "Rinkler" */;
			compatibilityVersion = "Xcode 14.0";
			developmentRegion = en;
			hasScannedForEncodings = 0;
			knownRegions = (
				Base,
				en,
			);
			mainGroup = B327284E55C5CB5F30B80CE8;
			minimizedProjectReferenceProxies = 1;
			packageReferences = (
				102A0000000000000000001F /* XCRemoteSwiftPackageReference "Tun2SocksKit" */,
			);
			projectDirPath = "";
			projectRoot = "";
			targets = (
				5F328EFB19593AB5BC7429F3 /* Rinkler */,
				102A00000000000000000014 /* RinklerTunnel */,
			);
		};
/* End PBXProject section */

/* Begin PBXResourcesBuildPhase section */
		102A0000000000000000001E /* Resources */ = {
			isa = PBXResourcesBuildPhase;
			buildActionMask = 2147483647;
			files = (
				102A00000000000000000026 /* PrivacyInfo.xcprivacy in Resources */,
			);
			runOnlyForDeploymentPostprocessing = 0;
		};
		7ED6C886919E610BC9322D6C /* Resources */ = {
			isa = PBXResourcesBuildPhase;
			buildActionMask = 2147483647;
			files = (
				A382BF14BA5A5938A5D0B0E2 /* Assets.xcassets in Resources */,
				B63F3A7EE3787197C19D9D8A /* Coolvetica Rg It.otf in Resources */,
				F7CE98EF49A4DE02A3635406 /* Coolvetica Rg.otf in Resources */,
				26827D46EC95D3B01646A294 /* SK Pupok Solid 400.ttf in Resources */,
				A1F0C0DE0000000000000F01 /* Geist-Regular.ttf in Resources */,
				A1F0C0DE0000000000000F02 /* Geist-Medium.ttf in Resources */,
				A1F0C0DE0000000000000F03 /* Geist-SemiBold.ttf in Resources */,
				A1F0C0DE0000000000000F04 /* Geist-Bold.ttf in Resources */,
				A1F0C0DE0000000000000F05 /* GeistMono-Regular.ttf in Resources */,
				A1F0C0DE0000000000000F06 /* GeistMono-Medium.ttf in Resources */,
				EFEC044BD16A58AABFD1B820 /* app_options.json in Resources */,
				8050EE548DB56DDCA4FB2A2A /* background.png in Resources */,
				A4F54B5F314F2FF8E40B46D2 /* clouds.png in Resources */,
				B2D940F3D19D696D7AFFBB1F /* clouds_continous.png in Resources */,
				8CC77FCD2AFCCE05480781D9 /* icon_rect.png in Resources */,
				9FB50AF4C11375E57288493D /* instagram.svg in Resources */,
				102A00000000000000000028 /* PrivacyInfo.xcprivacy in Resources */,
			);
			runOnlyForDeploymentPostprocessing = 0;
		};
/* End PBXResourcesBuildPhase section */

/* Begin PBXSourcesBuildPhase section */
		102A0000000000000000001D /* Sources */ = {
			isa = PBXSourcesBuildPhase;
			buildActionMask = 2147483647;
			files = (
				102A0000000000000000000D /* RinklerConstants.swift in Sources */,
				102A00000000000000000003 /* PacketTunnelProvider.swift in Sources */,
				102A00000000000000000005 /* ReelsBlockFilter.swift in Sources */,
				102A00000000000000000007 /* SOCKSProxyServer.swift in Sources */,
				102A00000000000000000009 /* TrafficStats.swift in Sources */,
				102A0000000000000000000B /* TunnelLogger.swift in Sources */,
				102A000000000000000000A1 /* TrackedIPStore.swift in Sources */,
				102A000000000000000000A3 /* ScheduleStore.swift in Sources */,
			);
			runOnlyForDeploymentPostprocessing = 0;
		};
		BA386D7A56178599483A405D /* Sources */ = {
			isa = PBXSourcesBuildPhase;
			buildActionMask = 2147483647;
			files = (
				277E9995B4CE17920C7359B3 /* AppCluster.swift in Sources */,
				B7F4E889C0C9CF5017891111 /* AppIconCircle.swift in Sources */,
				55B0C1B5A6CF3AA8C6AEF432 /* AppOptionArcs.swift in Sources */,
				8F0D57C9A6E3045BBE001928 /* AppOptionsService.swift in Sources */,
				55B9C498EF03C4B9380E9BA0 /* AppStore.swift in Sources */,
				50C1A1AC0000000000000031 /* ScreenTimeManager.swift in Sources */,
				50C1A1AC0000000000000041 /* LegalContent.swift in Sources */,
				50C1A1AC0000000000000061 /* AppearanceStore.swift in Sources */,
				50C1A1AC0000000000000071 /* StrictModeStore.swift in Sources */,
				50C1A1AC0000000000000103 /* BlockCatalog.swift in Sources */,
				50C1A1AC0000000000000105 /* BlockSelectionStore.swift in Sources */,
				50C1A1AC0000000000000107 /* RuleRegistry.swift in Sources */,
				50C1A1AC0000000000000109 /* FriendControlStore.swift in Sources */,
				50C1A1AC000000000000010B /* FriendControlScreen.swift in Sources */,
				50C1A1AC0000000000000113 /* AuthOptionsView.swift in Sources */,
				50C1A1AC0000000000000081 /* StrictModeShieldController.swift in Sources */,
				50C1A1AC0000000000000091 /* StrictModeActivityScheduler.swift in Sources */,
				50C1A1AC00000000000000A1 /* HealthManager.swift in Sources */,
				50C1A1AC00000000000000B1 /* AutoModeEngine.swift in Sources */,
				50C1A1AC00000000000000C1 /* ShieldController.swift in Sources */,
				50C1A1AC0000000000000002 /* SocialAuthService.swift in Sources */,
				F4B56F9A3A941A0C2EBDADE7 /* AuthStore.swift in Sources */,
				9549542D2E57B4C55511D581 /* BackArrowView.swift in Sources */,
				175B55D8F51D048B9FEFF95B /* BlockedApp.swift in Sources */,
				6C7C6CFB4CD7288B0D1F0A69 /* BlockingOptionsScreen.swift in Sources */,
				280BFBB48D2EC57A67614BEF /* RinklerApp.swift in Sources */,
				2A1B3C4D5E6F708192A3B4C5 /* RinklerConstants.swift in Sources */,
				63FA599ABB0F0D47230364C1 /* RinklerButton.swift in Sources */,
				88E96BE752A5DBCDD02D793B /* RinklerColors.swift in Sources */,
				50C1A1AC00000000000000F1 /* RinklerUI.swift in Sources */,
				50C1A1AC0000000000000111 /* RinklerLogo.swift in Sources */,
				287F80E9B726B8336D5110D2 /* RinklerFonts.swift in Sources */,
				3EBF87D830A1629BCEB7B827 /* RinklerSpacing.swift in Sources */,
				9DEA878857BBF38484E29279 /* CodeVerificationScreen.swift in Sources */,
				B6B171FEBB0DB8C0233D540D /* DialSelector.swift in Sources */,
				2B1C3D4E5F60718293A4B5C6 /* DomainThresholdsStore.swift in Sources */,
				96E5C7ABCADDD122544A7882 /* GridPositionStore.swift in Sources */,
				ACA43E523546E460FF425CF2 /* HeaderBar.swift in Sources */,
				3AC691E9CD1580465E66E643 /* HexCoordinate.swift in Sources */,
				EE5AF52C3094005B17EF5118 /* HexGridLayoutManager.swift in Sources */,
				C3E37E71922E29CA38A09A4B /* HexGridOverlay.swift in Sources */,
				3D24A9C6B91CA4CF08C13CA6 /* HomeScreen.swift in Sources */,
				1FDC9A48B273F1E91F3216E3 /* LandingPage.swift in Sources */,
				7ACC24B7F11F3FEB7E430EFF /* MagicSignInScreen.swift in Sources */,
				98CE2E34082CA58764807157 /* MagicSignInService.swift in Sources */,
				3422D1868715CE563B813F46 /* PageIndicator.swift in Sources */,
				0E6B244A6DE7DF4C8BEE6CB9 /* Route.swift in Sources */,
				A1F0C0DE0000000000000101 /* FocusSessionFlow.swift in Sources */,
				A1F0C0DE0000000000000102 /* FocusSessionStore.swift in Sources */,
				A1F0C0DE0000000000000103 /* CommitmentMode.swift in Sources */,
				50C1A1AC0000000000000021 /* BlockScreen.swift in Sources */,
				50C1A1AC0000000000000051 /* LegalScreen.swift in Sources */,
				50C1A1AC00000000000000D1 /* StrictModeSetupScreen.swift in Sources */,
				50C1A1AC00000000000000E1 /* SplashView.swift in Sources */,
				A1F0C0DE0000000000000105 /* Onboarding.swift in Sources */,
				A1F0C0DE0000000000000106 /* MainTabs.swift in Sources */,
				4CBD13A9A63EB6FFDE23B67B /* SVGCache.swift in Sources */,
				7187CAA7759A0FB102770E7D /* SVGView.swift in Sources */,
				DA022CE2410220BBEB0EFC55 /* SkyBackgroundView.swift in Sources */,
				50C1A1AC0000000000000011 /* SignalBackground.swift in Sources */,
				63985968494496186AAAAE97 /* SocialMediaIcon.swift in Sources */,
				3E2F4A5B6C7D8091A2B3C4D5 /* SettingsScreen.swift in Sources */,
				6AB0C375DDD14ACE8678338E /* SupabaseAuthClient.swift in Sources */,
				6B2C4D5E6F708192A3B4C5D6 /* TrafficDashboardView.swift in Sources */,
				6C3D5E6F708192A3B4C5D6E7 /* TrafficMonitor.swift in Sources */,
				6D4E6F708192A3B4C5D6E7F8 /* TrafficStats.swift in Sources */,
				6D7E8F90123456789ABCDEF0 /* TrafficSyncService.swift in Sources */,
				102A00000000000000000022 /* TunnelLogReader.swift in Sources */,
				6E5F708192A3B4C5D6E7F809 /* VPNManager.swift in Sources */,
			);
			runOnlyForDeploymentPostprocessing = 0;
		};
/* End PBXSourcesBuildPhase section */

/* Begin PBXTargetDependency section */
		102A0000000000000000001B /* PBXTargetDependency */ = {
			isa = PBXTargetDependency;
			target = 102A00000000000000000014 /* RinklerTunnel */;
			targetProxy = 102A00000000000000000013 /* PBXContainerItemProxy */;
		};
/* End PBXTargetDependency section */

/* Begin XCBuildConfiguration section */
		102A00000000000000000020 /* Debug */ = {
			isa = XCBuildConfiguration;
			buildSettings = {
				APPLICATION_EXTENSION_API_ONLY = YES;
				CODE_SIGN_ENTITLEMENTS = RinklerTunnel/RinklerTunnel.entitlements;
				CODE_SIGN_IDENTITY = "iPhone Developer";
				DEVELOPMENT_TEAM = QDKSUX27F9;
				INFOPLIST_FILE = RinklerTunnel/Info.plist;
				IPHONEOS_DEPLOYMENT_TARGET = 17.0;
				LD_RUNPATH_SEARCH_PATHS = (
					"$(inherited)",
					"@executable_path/Frameworks",
					"@executable_path/../../Frameworks",
				);
				PRODUCT_BUNDLE_IDENTIFIER = com.rinkler.app.tunnel;
				PRODUCT_NAME = RinklerTunnel;
				SDKROOT = iphoneos;
				SKIP_INSTALL = YES;
				SUPPORTED_PLATFORMS = "iphoneos iphonesimulator";
				SWIFT_ACTIVE_COMPILATION_CONDITIONS = DEBUG;
				SWIFT_VERSION = 5.0;
				TARGETED_DEVICE_FAMILY = 1;
			};
			name = Debug;
		};
		102A00000000000000000021 /* Release */ = {
			isa = XCBuildConfiguration;
			buildSettings = {
				APPLICATION_EXTENSION_API_ONLY = YES;
				CODE_SIGN_ENTITLEMENTS = RinklerTunnel/RinklerTunnel.entitlements;
				CODE_SIGN_IDENTITY = "iPhone Developer";
				DEVELOPMENT_TEAM = QDKSUX27F9;
				INFOPLIST_FILE = RinklerTunnel/Info.plist;
				IPHONEOS_DEPLOYMENT_TARGET = 17.0;
				LD_RUNPATH_SEARCH_PATHS = (
					"$(inherited)",
					"@executable_path/Frameworks",
					"@executable_path/../../Frameworks",
				);
				PRODUCT_BUNDLE_IDENTIFIER = com.rinkler.app.tunnel;
				PRODUCT_NAME = RinklerTunnel;
				SDKROOT = iphoneos;
				SKIP_INSTALL = YES;
				SUPPORTED_PLATFORMS = "iphoneos iphonesimulator";
				SWIFT_VERSION = 5.0;
				TARGETED_DEVICE_FAMILY = 1;
			};
			name = Release;
		};
		15DA1B8466F8B1F076243B95 /* Release */ = {
			isa = XCBuildConfiguration;
			baseConfigurationReference = 91196A152CB612FF5D9144D3 /* Secrets.xcconfig */;
			buildSettings = {
				ALWAYS_SEARCH_USER_PATHS = NO;
				CLANG_ANALYZER_NONNULL = YES;
				CLANG_ANALYZER_NUMBER_OBJECT_CONVERSION = YES_AGGRESSIVE;
				CLANG_CXX_LANGUAGE_STANDARD = "gnu++14";
				CLANG_CXX_LIBRARY = "libc++";
				CLANG_ENABLE_MODULES = YES;
				CLANG_ENABLE_OBJC_ARC = YES;
				CLANG_ENABLE_OBJC_WEAK = YES;
				CLANG_WARN_BLOCK_CAPTURE_AUTORELEASING = YES;
				CLANG_WARN_BOOL_CONVERSION = YES;
				CLANG_WARN_COMMA = YES;
				CLANG_WARN_CONSTANT_CONVERSION = YES;
				CLANG_WARN_DEPRECATED_OBJC_IMPLEMENTATIONS = YES;
				CLANG_WARN_DIRECT_OBJC_ISA_USAGE = YES_ERROR;
				CLANG_WARN_DOCUMENTATION_COMMENTS = YES;
				CLANG_WARN_EMPTY_BODY = YES;
				CLANG_WARN_ENUM_CONVERSION = YES;
				CLANG_WARN_INFINITE_RECURSION = YES;
				CLANG_WARN_INT_CONVERSION = YES;
				CLANG_WARN_NON_LITERAL_NULL_CONVERSION = YES;
				CLANG_WARN_OBJC_IMPLICIT_RETAIN_SELF = YES;
				CLANG_WARN_OBJC_LITERAL_CONVERSION = YES;
				CLANG_WARN_OBJC_ROOT_CLASS = YES_ERROR;
				CLANG_WARN_QUOTED_INCLUDE_IN_FRAMEWORK_HEADER = YES;
				CLANG_WARN_RANGE_LOOP_ANALYSIS = YES;
				CLANG_WARN_STRICT_PROTOTYPES = YES;
				CLANG_WARN_SUSPICIOUS_MOVE = YES;
				CLANG_WARN_UNGUARDED_AVAILABILITY = YES_AGGRESSIVE;
				CLANG_WARN_UNREACHABLE_CODE = YES;
				CLANG_WARN__DUPLICATE_METHOD_MATCH = YES;
				COPY_PHASE_STRIP = NO;
				DEBUG_INFORMATION_FORMAT = "dwarf-with-dsym";
				ENABLE_NS_ASSERTIONS = NO;
				ENABLE_STRICT_OBJC_MSGSEND = YES;
				GCC_C_LANGUAGE_STANDARD = gnu11;
				GCC_NO_COMMON_BLOCKS = YES;
				GCC_WARN_64_TO_32_BIT_CONVERSION = YES;
				GCC_WARN_ABOUT_RETURN_TYPE = YES_ERROR;
				GCC_WARN_UNDECLARED_SELECTOR = YES;
				GCC_WARN_UNINITIALIZED_AUTOS = YES_AGGRESSIVE;
				GCC_WARN_UNUSED_FUNCTION = YES;
				GCC_WARN_UNUSED_VARIABLE = YES;
				IPHONEOS_DEPLOYMENT_TARGET = 17.0;
				MTL_ENABLE_DEBUG_INFO = NO;
				MTL_FAST_MATH = YES;
				PRODUCT_NAME = "$(TARGET_NAME)";
				SDKROOT = iphoneos;
				SWIFT_COMPILATION_MODE = wholemodule;
				SWIFT_OPTIMIZATION_LEVEL = "-O";
				SWIFT_VERSION = 5.0;
			};
			name = Release;
		};
		18B1AA367C8F0470229AA125 /* Release */ = {
			isa = XCBuildConfiguration;
			buildSettings = {
				ASSETCATALOG_COMPILER_APPICON_NAME = AppIcon;
				CODE_SIGN_ENTITLEMENTS = Rinkler/Rinkler.entitlements;
				CODE_SIGN_IDENTITY = "iPhone Developer";
				DEVELOPMENT_TEAM = QDKSUX27F9;
				INFOPLIST_FILE = Rinkler/Info.plist;
				LD_RUNPATH_SEARCH_PATHS = (
					"$(inherited)",
					"@executable_path/Frameworks",
				);
				PRODUCT_BUNDLE_IDENTIFIER = com.rinkler.app;
				PRODUCT_NAME = Rinkler;
				SDKROOT = iphoneos;
				SUPPORTED_PLATFORMS = "iphoneos iphonesimulator";
				SUPPORTS_MACCATALYST = NO;
				SUPPORTS_XR_DESIGNED_FOR_IPHONE_IPAD = NO;
				TARGETED_DEVICE_FAMILY = 1;
			};
			name = Release;
		};
		52400EE2E7E22F4B9825814E /* Debug */ = {
			isa = XCBuildConfiguration;
			baseConfigurationReference = 91196A152CB612FF5D9144D3 /* Secrets.xcconfig */;
			buildSettings = {
				ALWAYS_SEARCH_USER_PATHS = NO;
				CLANG_ANALYZER_NONNULL = YES;
				CLANG_ANALYZER_NUMBER_OBJECT_CONVERSION = YES_AGGRESSIVE;
				CLANG_CXX_LANGUAGE_STANDARD = "gnu++14";
				CLANG_CXX_LIBRARY = "libc++";
				CLANG_ENABLE_MODULES = YES;
				CLANG_ENABLE_OBJC_ARC = YES;
				CLANG_ENABLE_OBJC_WEAK = YES;
				CLANG_WARN_BLOCK_CAPTURE_AUTORELEASING = YES;
				CLANG_WARN_BOOL_CONVERSION = YES;
				CLANG_WARN_COMMA = YES;
				CLANG_WARN_CONSTANT_CONVERSION = YES;
				CLANG_WARN_DEPRECATED_OBJC_IMPLEMENTATIONS = YES;
				CLANG_WARN_DIRECT_OBJC_ISA_USAGE = YES_ERROR;
				CLANG_WARN_DOCUMENTATION_COMMENTS = YES;
				CLANG_WARN_EMPTY_BODY = YES;
				CLANG_WARN_ENUM_CONVERSION = YES;
				CLANG_WARN_INFINITE_RECURSION = YES;
				CLANG_WARN_INT_CONVERSION = YES;
				CLANG_WARN_NON_LITERAL_NULL_CONVERSION = YES;
				CLANG_WARN_OBJC_IMPLICIT_RETAIN_SELF = YES;
				CLANG_WARN_OBJC_LITERAL_CONVERSION = YES;
				CLANG_WARN_OBJC_ROOT_CLASS = YES_ERROR;
				CLANG_WARN_QUOTED_INCLUDE_IN_FRAMEWORK_HEADER = YES;
				CLANG_WARN_RANGE_LOOP_ANALYSIS = YES;
				CLANG_WARN_STRICT_PROTOTYPES = YES;
				CLANG_WARN_SUSPICIOUS_MOVE = YES;
				CLANG_WARN_UNGUARDED_AVAILABILITY = YES_AGGRESSIVE;
				CLANG_WARN_UNREACHABLE_CODE = YES;
				CLANG_WARN__DUPLICATE_METHOD_MATCH = YES;
				COPY_PHASE_STRIP = NO;
				DEBUG_INFORMATION_FORMAT = dwarf;
				ENABLE_STRICT_OBJC_MSGSEND = YES;
				ENABLE_TESTABILITY = YES;
				GCC_C_LANGUAGE_STANDARD = gnu11;
				GCC_DYNAMIC_NO_PIC = NO;
				GCC_NO_COMMON_BLOCKS = YES;
				GCC_OPTIMIZATION_LEVEL = 0;
				GCC_PREPROCESSOR_DEFINITIONS = (
					"$(inherited)",
					"DEBUG=1",
				);
				GCC_WARN_64_TO_32_BIT_CONVERSION = YES;
				GCC_WARN_ABOUT_RETURN_TYPE = YES_ERROR;
				GCC_WARN_UNDECLARED_SELECTOR = YES;
				GCC_WARN_UNINITIALIZED_AUTOS = YES_AGGRESSIVE;
				GCC_WARN_UNUSED_FUNCTION = YES;
				GCC_WARN_UNUSED_VARIABLE = YES;
				IPHONEOS_DEPLOYMENT_TARGET = 17.0;
				MTL_ENABLE_DEBUG_INFO = INCLUDE_SOURCE;
				MTL_FAST_MATH = YES;
				ONLY_ACTIVE_ARCH = YES;
				PRODUCT_NAME = "$(TARGET_NAME)";
				SDKROOT = iphoneos;
				SWIFT_ACTIVE_COMPILATION_CONDITIONS = DEBUG;
				SWIFT_OPTIMIZATION_LEVEL = "-Onone";
				SWIFT_VERSION = 5.0;
			};
			name = Debug;
		};
		63CC28234D43E822C88DD1ED /* Debug */ = {
			isa = XCBuildConfiguration;
			buildSettings = {
				ASSETCATALOG_COMPILER_APPICON_NAME = AppIcon;
				CODE_SIGN_ENTITLEMENTS = Rinkler/Rinkler.entitlements;
				CODE_SIGN_IDENTITY = "iPhone Developer";
				DEVELOPMENT_TEAM = QDKSUX27F9;
				INFOPLIST_FILE = Rinkler/Info.plist;
				LD_RUNPATH_SEARCH_PATHS = (
					"$(inherited)",
					"@executable_path/Frameworks",
				);
				PRODUCT_BUNDLE_IDENTIFIER = com.rinkler.app;
				PRODUCT_NAME = Rinkler;
				SDKROOT = iphoneos;
				SUPPORTED_PLATFORMS = "iphoneos iphonesimulator";
				SUPPORTS_MACCATALYST = NO;
				SUPPORTS_XR_DESIGNED_FOR_IPHONE_IPAD = NO;
				TARGETED_DEVICE_FAMILY = 1;
			};
			name = Debug;
		};
/* End XCBuildConfiguration section */

/* Begin XCConfigurationList section */
		0237DBB2D309EB216C11208C /* Build configuration list for PBXNativeTarget "Rinkler" */ = {
			isa = XCConfigurationList;
			buildConfigurations = (
				63CC28234D43E822C88DD1ED /* Debug */,
				18B1AA367C8F0470229AA125 /* Release */,
			);
			defaultConfigurationIsVisible = 0;
			defaultConfigurationName = Debug;
		};
		102A0000000000000000001C /* Build configuration list for PBXNativeTarget "RinklerTunnel" */ = {
			isa = XCConfigurationList;
			buildConfigurations = (
				102A00000000000000000020 /* Debug */,
				102A00000000000000000021 /* Release */,
			);
			defaultConfigurationIsVisible = 0;
			defaultConfigurationName = Debug;
		};
		33C029C5FC84866C2C76FCA2 /* Build configuration list for PBXProject "Rinkler" */ = {
			isa = XCConfigurationList;
			buildConfigurations = (
				52400EE2E7E22F4B9825814E /* Debug */,
				15DA1B8466F8B1F076243B95 /* Release */,
			);
			defaultConfigurationIsVisible = 0;
			defaultConfigurationName = Debug;
		};
/* End XCConfigurationList section */

/* Begin XCRemoteSwiftPackageReference section */
		102A0000000000000000001F /* XCRemoteSwiftPackageReference "Tun2SocksKit" */ = {
			isa = XCRemoteSwiftPackageReference;
			repositoryURL = "https://github.com/EbrahimTahernejad/Tun2SocksKit";
			requirement = {
				kind = exactVersion;
				version = 5.14.4;
			};
		};
/* End XCRemoteSwiftPackageReference section */

/* Begin XCSwiftPackageProductDependency section */
		102A00000000000000000010 /* Tun2SocksKit */ = {
			isa = XCSwiftPackageProductDependency;
			package = 102A0000000000000000001F /* XCRemoteSwiftPackageReference "Tun2SocksKit" */;
			productName = Tun2SocksKit;
		};
/* End XCSwiftPackageProductDependency section */
	};
	rootObject = B741CA0B5636C16D2FF1843B /* Project object */;
}
